
Microsoft Visual Studio Solution File, Format Version 12.00
# Visual Studio Version 17
VisualStudioVersion = 17.13.35806.99
MinimumVisualStudioVersion = 10.0.40219.1
Project("{2150E333-8FDC-42A3-9474-1A3956D46DE8}") = "src", "src", "{02EA681E-C7D8-13C7-8484-4AC65E1B71E8}"
EndProject
Project("{2150E333-8FDC-42A3-9474-1A3956D46DE8}") = "BackEnd", "BackEnd", "{91890010-50D0-450C-B44A-8199E65B5A86}"
	ProjectSection(SolutionItems) = preProject
		Export-Modules.ps1 = Export-Modules.ps1
		Export-Projects.ps1 = Export-Projects.ps1
		Export-Solurion.ps1 = Export-Solurion.ps1
		Export-SolutionTree.ps1 = Export-SolutionTree.ps1
		postman_collection.json = postman_collection.json
	EndProjectSection
EndProject
Project("{2150E333-8FDC-42A3-9474-1A3956D46DE8}") = "Core", "Core", "{D385AB44-BCEE-4B05-92E6-7A023C73D8C9}"
EndProject
Project("{2150E333-8FDC-42A3-9474-1A3956D46DE8}") = "Modules", "Modules", "{16B897DC-B605-42EF-9154-779F6C5698B1}"
EndProject
Project("{2150E333-8FDC-42A3-9474-1A3956D46DE8}") = "User", "User", "{AEBDD1DC-A7C4-4486-8276-521DFFC2EFA2}"
EndProject
Project("{2150E333-8FDC-42A3-9474-1A3956D46DE8}") = "Notification", "Notification", "{97140AB8-A8DA-4D5C-A3B9-80812C177428}"
EndProject
Project("{2150E333-8FDC-42A3-9474-1A3956D46DE8}") = "Apps", "Apps", "{ED1D8846-6846-47A5-8859-42BF039A8F38}"
EndProject
Project("{2150E333-8FDC-42A3-9474-1A3956D46DE8}") = "tests", "tests", "{EB3E8913-B34D-4491-A784-A1A26DDBCD1E}"
EndProject
Project("{2150E333-8FDC-42A3-9474-1A3956D46DE8}") = "build", "build", "{3F588228-BD51-4E7E-BA28-856C534D05EB}"
EndProject
Project("{FAE04EC0-301F-11D3-BF4B-00C04F79EFBC}") = "Core.Domain", "Core.Domain\Core.Domain.csproj", "{94421BCF-04CA-46DA-9F57-FAE1369F1823}"
EndProject
Project("{FAE04EC0-301F-11D3-BF4B-00C04F79EFBC}") = "Core.Application", "Core.Application\Core.Application.csproj", "{2B38A7A0-4D4A-4C7E-915F-4DA49A9D5A50}"
EndProject
Project("{FAE04EC0-301F-11D3-BF4B-00C04F79EFBC}") = "Core.Infrastructure", "Core.Infrastructure\Core.Infrastructure.csproj", "{1D1283F6-EE71-4533-8F4E-CB5394311E10}"
EndProject
Project("{FAE04EC0-301F-11D3-BF4B-00C04F79EFBC}") = "Core.Shared", "Core.Shared\Core.Shared.csproj", "{47CE8BC3-EFCB-4BFA-BE10-0DCBC2D09F02}"
EndProject
Project("{FAE04EC0-301F-11D3-BF4B-00C04F79EFBC}") = "User.Domain", "User.Domain\User.Domain.csproj", "{A1581A5C-A76A-40C9-84E4-66EA7C023D77}"
EndProject
Project("{FAE04EC0-301F-11D3-BF4B-00C04F79EFBC}") = "User.Application", "User.Application\User.Application.csproj", "{08E9B853-73B8-40F1-AE66-FF9F5C08E8DF}"
EndProject
Project("{FAE04EC0-301F-11D3-BF4B-00C04F79EFBC}") = "User.Infrastructure", "User.Infrastructure\User.Infrastructure.csproj", "{2410E921-374D-4C59-B030-21D023FA81DB}"
EndProject
Project("{FAE04EC0-301F-11D3-BF4B-00C04F79EFBC}") = "User.Presentation", "User.Presentation\User.Presentation.csproj", "{BEFEC6BA-AB18-44B1-8DE8-68970CB81395}"
EndProject
Project("{FAE04EC0-301F-11D3-BF4B-00C04F79EFBC}") = "Notification.Domain", "Notification.Domain\Notification.Domain.csproj", "{01F33FD4-0F2C-490E-B073-0F890C428F2B}"
EndProject
Project("{FAE04EC0-301F-11D3-BF4B-00C04F79EFBC}") = "Notification.Application", "Notification.Application\Notification.Application.csproj", "{EF21300C-AA18-4300-98B6-87CE9E3A9ADA}"
EndProject
Project("{FAE04EC0-301F-11D3-BF4B-00C04F79EFBC}") = "Notification.Infrastructure", "Notification.Infrastructure\Notification.Infrastructure.csproj", "{EAB2EF9B-6280-47F0-B1DF-B6C5185BBF4B}"
EndProject
Project("{FAE04EC0-301F-11D3-BF4B-00C04F79EFBC}") = "Notification.Presentation", "Notification.Presentation\Notification.Presentation.csproj", "{FC21B188-FA34-4FB4-B6FF-6A7268626DA1}"
EndProject
Project("{FAE04EC0-301F-11D3-BF4B-00C04F79EFBC}") = "MaharRayanesh.WebApi", "MaharRayanesh.WebApi\MaharRayanesh.WebApi.csproj", "{37AFF3C6-81E8-433D-9BA5-7C2CA74B786A}"
EndProject
Project("{FAE04EC0-301F-11D3-BF4B-00C04F79EFBC}") = "AkSteel Welfare Platform", "AkSteel Welfare Platform\AkSteel Welfare Platform.csproj", "{EC53FAA6-D042-41FF-948E-EFBD9920DEA0}"
EndProject
Project("{2150E333-8FDC-42A3-9474-1A3956D46DE8}") = "Audit", "Audit", "{3F883832-93BE-48EE-88D6-428EBDC5628E}"
EndProject
Project("{FAE04EC0-301F-11D3-BF4B-00C04F79EFBC}") = "Audit.Application", "Audit.Application\Audit.Application.csproj", "{553DBCC5-D00B-4BAC-A409-52DD52CBDA4D}"
EndProject
Project("{FAE04EC0-301F-11D3-BF4B-00C04F79EFBC}") = "Audit.Domain", "Audit.Domain\Audit.Domain.csproj", "{E9E17221-9BDC-41B4-9DAE-C4601CF7C1C2}"
EndProject
Project("{FAE04EC0-301F-11D3-BF4B-00C04F79EFBC}") = "Audit.Infrastructure", "Audit.Infrastructure\Audit.Infrastructure.csproj", "{E7032624-CD49-4503-A5B3-E70FC54312B1}"
EndProject
Project("{FAE04EC0-301F-11D3-BF4B-00C04F79EFBC}") = "Audit.Presentation", "Audit.Presentation\Audit.Presentation.csproj", "{6D51CBA2-36BB-476E-850A-57BC989F0972}"
EndProject
Project("{2150E333-8FDC-42A3-9474-1A3956D46DE8}") = "Cach", "Cach", "{4BC27D09-421E-45AE-8884-E03F5648EFBD}"
EndProject
Project("{FAE04EC0-301F-11D3-BF4B-00C04F79EFBC}") = "Cach.Application", "Cach.Application\Cach.Application.csproj", "{47A36AEB-2782-4860-94D0-46F7C108259E}"
EndProject
Project("{FAE04EC0-301F-11D3-BF4B-00C04F79EFBC}") = "Cach.Domain", "Cach.Domain\Cach.Domain.csproj", "{719CA4E7-D695-47AA-9A3D-8464D6D68A04}"
EndProject
Project("{FAE04EC0-301F-11D3-BF4B-00C04F79EFBC}") = "Cach.Infrastructure", "Cach.Infrastructure\Cach.Infrastructure.csproj", "{D0821FC5-019C-4AE3-B50B-D6BA5A73A7A9}"
EndProject
Project("{FAE04EC0-301F-11D3-BF4B-00C04F79EFBC}") = "Cach.Presentation", "Cach.Presentation\Cach.Presentation.csproj", "{EC904D0D-0CEB-4D1D-9C70-421F39537DD4}"
EndProject
Project("{FAE04EC0-301F-11D3-BF4B-00C04F79EFBC}") = "Core.Presentation", "Core.Presentation\Core.Presentation.csproj", "{46FB2277-87B4-4516-BF89-2492EC6D076A}"
EndProject
Project("{2150E333-8FDC-42A3-9474-1A3956D46DE8}") = "Solution Items", "Solution Items", "{8EC462FD-D22E-90A8-E5CE-7E832BA40C5D}"
	ProjectSection(SolutionItems) = preProject
		.editorconfig = .editorconfig
		ContactInfo.txt = ContactInfo.txt
	EndProjectSection
EndProject
Project("{2150E333-8FDC-42A3-9474-1A3956D46DE8}") = "Event", "Event", "{3A93DF49-24E6-45B2-8B73-0692137A304C}"
EndProject
Project("{FAE04EC0-301F-11D3-BF4B-00C04F79EFBC}") = "Event.Application", "Event.Application\Event.Application.csproj", "{9F97591A-D0E7-4A14-B9A2-8F9E240A03BE}"
EndProject
Project("{FAE04EC0-301F-11D3-BF4B-00C04F79EFBC}") = "Event.Domain", "Event.Domain\Event.Domain.csproj", "{7ACE20AF-60A5-473E-B5DC-81A55B34CF14}"
EndProject
Project("{FAE04EC0-301F-11D3-BF4B-00C04F79EFBC}") = "Event.Infrastructure", "Event.Infrastructure\Event.Infrastructure.csproj", "{DA13CD07-9106-4F7C-B3B7-33CA25A6F9A5}"
EndProject
Project("{FAE04EC0-301F-11D3-BF4B-00C04F79EFBC}") = "Event.Presentation", "Event.Presentation\Event.Presentation.csproj", "{B0C5E847-746B-4B90-AAE4-95EE709ABA38}"
EndProject
Project("{FAE04EC0-301F-11D3-BF4B-00C04F79EFBC}") = "Event.Test", "Event.Test\Event.Test.csproj", "{8830A2EB-71B8-4146-83B6-B0DFFDE32CD2}"
EndProject
Project("{FAE04EC0-301F-11D3-BF4B-00C04F79EFBC}") = "Cach.Test", "Cach.Test\Cach.Test.csproj", "{03F39D72-70C5-443C-8F1F-57C042CCC45F}"
EndProject
Project("{FAE04EC0-301F-11D3-BF4B-00C04F79EFBC}") = "Notification.Test", "Notification.Test\Notification.Test.csproj", "{55EEF652-675A-4A65-9C97-E74822F3B45F}"
EndProject
Project("{FAE04EC0-301F-11D3-BF4B-00C04F79EFBC}") = "Audit.Test", "Audit.Test\Audit.Test.csproj", "{D2906EF8-2666-4527-BD5B-FE421C8D543C}"
EndProject
Project("{2150E333-8FDC-42A3-9474-1A3956D46DE8}") = "Identity", "Identity", "{1D281DFB-8F0D-439D-953C-966981248709}"
EndProject
Project("{FAE04EC0-301F-11D3-BF4B-00C04F79EFBC}") = "Identity.Application", "Identity.Application\Identity.Application.csproj", "{212BDCB9-B123-4C9D-86BB-36712C693C7A}"
EndProject
Project("{FAE04EC0-301F-11D3-BF4B-00C04F79EFBC}") = "Identity.Domain", "Identity.Domain\Identity.Domain.csproj", "{9CFF90B6-FAA8-4A90-9E44-32BCF6F4114C}"
EndProject
Project("{FAE04EC0-301F-11D3-BF4B-00C04F79EFBC}") = "Identity.Infrastructure", "Identity.Infrastructure\Identity.Infrastructure.csproj", "{123C2D40-A576-47C6-9B07-7F9476195BA2}"
EndProject
Project("{FAE04EC0-301F-11D3-BF4B-00C04F79EFBC}") = "Identity.Presentation", "Identity.Presentation\Identity.Presentation.csproj", "{E4AC42BF-4C32-4AED-A3E7-4628178F0053}"
EndProject
Project("{FAE04EC0-301F-11D3-BF4B-00C04F79EFBC}") = "Identity.Test", "Identity.Test\Identity.Test.csproj", "{71238029-C758-4308-9205-7DA41530B93B}"
EndProject
Project("{2150E333-8FDC-42A3-9474-1A3956D46DE8}") = "Sample", "Sample", "{D7264374-90C3-4C88-8425-521BFE343965}"
EndProject
Project("{FAE04EC0-301F-11D3-BF4B-00C04F79EFBC}") = "Sample.Application", "Sample.Application\Sample.Application.csproj", "{83731EB5-8816-4B64-8A52-6D6BB962DC5D}"
EndProject
Project("{FAE04EC0-301F-11D3-BF4B-00C04F79EFBC}") = "Sample.Domain", "Sample.Domain\Sample.Domain.csproj", "{87A4C02F-40AA-476A-9D3F-3C6DC051451A}"
EndProject
Project("{FAE04EC0-301F-11D3-BF4B-00C04F79EFBC}") = "Sample.Infrastructure", "Sample.Infrastructure\Sample.Infrastructure.csproj", "{9F3EB10B-2F5D-49D5-AD67-228D7C7A61B2}"
EndProject
Project("{FAE04EC0-301F-11D3-BF4B-00C04F79EFBC}") = "Sample.Presentation", "Sample.Presentation\Sample.Presentation.csproj", "{845C7A21-512F-4CD7-895C-AF11DBCEFA91}"
EndProject
Project("{FAE04EC0-301F-11D3-BF4B-00C04F79EFBC}") = "Sample.Shared", "Sample.Shared\Sample.Shared.csproj", "{E64E3D36-5DC6-4649-B23A-76EE102346E9}"
EndProject
Project("{FAE04EC0-301F-11D3-BF4B-00C04F79EFBC}") = "Sample.Test", "Sample.Test\Sample.Test.csproj", "{0DBAB838-C4FC-4416-B10B-075E9ECFA744}"
EndProject
Project("{FAE04EC0-301F-11D3-BF4B-00C04F79EFBC}") = "Identity.Shared", "Identity.Shared\Identity.Shared.csproj", "{1DA3B789-6B9B-47E1-AC5A-D6A140B75B9F}"
EndProject
Project("{2150E333-8FDC-42A3-9474-1A3956D46DE8}") = "Authorization", "Authorization", "{48BB054A-3494-4556-8E0B-655A97FD52B1}"
EndProject
Project("{FAE04EC0-301F-11D3-BF4B-00C04F79EFBC}") = "Authorization.Domain", "Authorization.Domain\Authorization.Domain.csproj", "{BF05BDA2-2414-4141-998D-9BFCD09F0606}"
EndProject
Project("{FAE04EC0-301F-11D3-BF4B-00C04F79EFBC}") = "Authorization.Application", "Authorization.Application\Authorization.Application.csproj", "{41D20EDE-DF1A-433A-A068-D4724C4DC397}"
EndProject
Project("{FAE04EC0-301F-11D3-BF4B-00C04F79EFBC}") = "Authorization.Infrastructure", "Authorization.Infrastructure\Authorization.Infrastructure.csproj", "{535D6A00-96F1-41AE-B166-AC031B2C5116}"
EndProject
Project("{FAE04EC0-301F-11D3-BF4B-00C04F79EFBC}") = "Authorization.Presentation", "Authorization.Presentation\Authorization.Presentation.csproj", "{9E7796C7-F667-462C-91A9-8A1C99447421}"
EndProject
Project("{2150E333-8FDC-42A3-9474-1A3956D46DE8}") = "OrganizationManagement", "OrganizationManagement", "{EFC416BA-9B36-493E-B855-A6C92F853AC2}"
EndProject
Project("{FAE04EC0-301F-11D3-BF4B-00C04F79EFBC}") = "OrganizationManagement.Domain", "OrganizationManagement.Domain\OrganizationManagement.Domain.csproj", "{3C61DEF0-F10A-42CA-B857-9B6371F99307}"
EndProject
Project("{FAE04EC0-301F-11D3-BF4B-00C04F79EFBC}") = "User.Shared", "User.Shared\User.Shared.csproj", "{77122876-C3A8-46FA-9D4A-58850910D5DA}"
EndProject
Project("{FAE04EC0-301F-11D3-BF4B-00C04F79EFBC}") = "OrganizationManagement.Application", "OrganizationManagement.Application\OrganizationManagement.Application.csproj", "{D5619511-6823-4356-8865-2D7524E634E2}"
EndProject
Project("{FAE04EC0-301F-11D3-BF4B-00C04F79EFBC}") = "OrganizationManagement.Infrastructure", "OrganizationManagement.Infrastructure\OrganizationManagement.Infrastructure.csproj", "{11EF9955-7765-464D-BE23-97DC6241B19E}"
EndProject
Project("{FAE04EC0-301F-11D3-BF4B-00C04F79EFBC}") = "OrganizationManagement.Presentation", "OrganizationManagement.Presentation\OrganizationManagement.Presentation.csproj", "{48684A78-0B44-4E80-A74A-D075BAF9D296}"
EndProject
Project("{2150E333-8FDC-42A3-9474-1A3956D46DE8}") = "WebScrapper", "WebScrapper", "{9A9A0A5E-18EC-428C-BB92-065691B7049A}"
EndProject
Project("{FAE04EC0-301F-11D3-BF4B-00C04F79EFBC}") = "WebScrapper.Application", "WebScrapper.Application\WebScrapper.Application.csproj", "{E9DF82B3-E320-4B8D-B495-4C73E5156F78}"
EndProject
Project("{FAE04EC0-301F-11D3-BF4B-00C04F79EFBC}") = "WebScrapper.Domain", "WebScrapper.Domain\WebScrapper.Domain.csproj", "{B6BEF534-553D-48C8-A501-31C2591268FF}"
EndProject
Project("{FAE04EC0-301F-11D3-BF4B-00C04F79EFBC}") = "WebScrapper.Infrastructure", "WebScrapper.Infrastructure\WebScrapper.Infrastructure.csproj", "{35CD7017-01E6-4E54-A989-70E3E43C354C}"
EndProject
Project("{2150E333-8FDC-42A3-9474-1A3956D46DE8}") = "Projects", "Projects", "{7C6ACA11-13A9-431E-9961-790158453049}"
EndProject
Project("{2150E333-8FDC-42A3-9474-1A3956D46DE8}") = "Trader", "Trader", "{CD5173EF-052F-4585-9273-5733A56CAA85}"
EndProject
Project("{2150E333-8FDC-42A3-9474-1A3956D46DE8}") = "Server", "Server", "{E2033B6E-D37A-44B5-BD01-DC1AEB416C56}"
EndProject
Project("{2150E333-8FDC-42A3-9474-1A3956D46DE8}") = "Client", "Client", "{75610CD5-2799-4F89-A628-4615BBD06D42}"
EndProject
Project("{2150E333-8FDC-42A3-9474-1A3956D46DE8}") = "Collector", "Collector", "{6EC934E5-7B52-46C0-A67B-78620A5E089B}"
EndProject
Project("{2150E333-8FDC-42A3-9474-1A3956D46DE8}") = "DecisionMaker", "DecisionMaker", "{B824531E-A251-405D-9770-BFFB322AAAF6}"
EndProject
Project("{FAE04EC0-301F-11D3-BF4B-00C04F79EFBC}") = "Trader.Server.Collector.Application", "Trader.Server.Collector.Application\Trader.Server.Collector.Application.csproj", "{9F27CE43-5B30-4E17-8926-946435B021D2}"
EndProject
Project("{FAE04EC0-301F-11D3-BF4B-00C04F79EFBC}") = "Trader.Server.Collector.Domain", "Trader.Server.Collector.Domain\Trader.Server.Collector.Domain.csproj", "{712BCAE3-A37B-4DD5-B6AC-C1CE96877E22}"
EndProject
Project("{FAE04EC0-301F-11D3-BF4B-00C04F79EFBC}") = "Trader.Server.Collector.Infrastructure", "Trader.Server.Collector.Infrastructure\Trader.Server.Collector.Infrastructure.csproj", "{8C603789-8E25-47CA-A12D-890D2D37B496}"
EndProject
Project("{FAE04EC0-301F-11D3-BF4B-00C04F79EFBC}") = "Trader.Server.Collector.WebApi", "Trader.Server.Collector.WebApi\Trader.Server.Collector.WebApi.csproj", "{2867A75B-2FE3-4AA4-97C1-C0E34CC47100}"
EndProject
Project("{FAE04EC0-301F-11D3-BF4B-00C04F79EFBC}") = "Trader.Server.Collector.Presentation", "Trader.Server.Collector.Presentation\Trader.Server.Collector.Presentation.csproj", "{202E96E4-F785-4505-9777-A9E702E7C0EA}"
EndProject
Project("{2150E333-8FDC-42A3-9474-1A3956D46DE8}") = "BrokerageOperations", "BrokerageOperations", "{B5D6A3A0-AE71-49B1-94A9-96F29606350A}"
EndProject
Project("{FAE04EC0-301F-11D3-BF4B-00C04F79EFBC}") = "BrokerageOperations.Application", "BrokerageOperations.Application\BrokerageOperations.Application.csproj", "{79915DDE-88BE-47EC-8A2E-418D232B1119}"
EndProject
Project("{FAE04EC0-301F-11D3-BF4B-00C04F79EFBC}") = "BrokerageOperations.Domain", "BrokerageOperations.Domain\BrokerageOperations.Domain.csproj", "{6D0487F8-A9F9-4A29-B89D-B7D8939920FB}"
EndProject
Project("{FAE04EC0-301F-11D3-BF4B-00C04F79EFBC}") = "BrokerageOperations.Infrastructure", "BrokerageOperations.Infrastructure\BrokerageOperations.Infrastructure.csproj", "{E56D784B-6C91-4090-97CB-606F70DAAA29}"
EndProject
Project("{FAE04EC0-301F-11D3-BF4B-00C04F79EFBC}") = "BrokerageOperations.Shared", "BrokerageOperations.Shared\BrokerageOperations.Shared.csproj", "{9782917C-8620-4096-9000-9D2D589BAAC8}"
EndProject
Global
	GlobalSection(SolutionConfigurationPlatforms) = preSolution
		Debug|Any CPU = Debug|Any CPU
		Release|Any CPU = Release|Any CPU
	EndGlobalSection
	GlobalSection(ProjectConfigurationPlatforms) = postSolution
		{94421BCF-04CA-46DA-9F57-FAE1369F1823}.Debug|Any CPU.ActiveCfg = Debug|Any CPU
		{94421BCF-04CA-46DA-9F57-FAE1369F1823}.Debug|Any CPU.Build.0 = Debug|Any CPU
		{94421BCF-04CA-46DA-9F57-FAE1369F1823}.Release|Any CPU.ActiveCfg = Release|Any CPU
		{94421BCF-04CA-46DA-9F57-FAE1369F1823}.Release|Any CPU.Build.0 = Release|Any CPU
		{2B38A7A0-4D4A-4C7E-915F-4DA49A9D5A50}.Debug|Any CPU.ActiveCfg = Debug|Any CPU
		{2B38A7A0-4D4A-4C7E-915F-4DA49A9D5A50}.Debug|Any CPU.Build.0 = Debug|Any CPU
		{2B38A7A0-4D4A-4C7E-915F-4DA49A9D5A50}.Release|Any CPU.ActiveCfg = Release|Any CPU
		{2B38A7A0-4D4A-4C7E-915F-4DA49A9D5A50}.Release|Any CPU.Build.0 = Release|Any CPU
		{1D1283F6-EE71-4533-8F4E-CB5394311E10}.Debug|Any CPU.ActiveCfg = Debug|Any CPU
		{1D1283F6-EE71-4533-8F4E-CB5394311E10}.Debug|Any CPU.Build.0 = Debug|Any CPU
		{1D1283F6-EE71-4533-8F4E-CB5394311E10}.Release|Any CPU.ActiveCfg = Release|Any CPU
		{1D1283F6-EE71-4533-8F4E-CB5394311E10}.Release|Any CPU.Build.0 = Release|Any CPU
		{47CE8BC3-EFCB-4BFA-BE10-0DCBC2D09F02}.Debug|Any CPU.ActiveCfg = Debug|Any CPU
		{47CE8BC3-EFCB-4BFA-BE10-0DCBC2D09F02}.Debug|Any CPU.Build.0 = Debug|Any CPU
		{47CE8BC3-EFCB-4BFA-BE10-0DCBC2D09F02}.Release|Any CPU.ActiveCfg = Release|Any CPU
		{47CE8BC3-EFCB-4BFA-BE10-0DCBC2D09F02}.Release|Any CPU.Build.0 = Release|Any CPU
		{A1581A5C-A76A-40C9-84E4-66EA7C023D77}.Debug|Any CPU.ActiveCfg = Debug|Any CPU
		{A1581A5C-A76A-40C9-84E4-66EA7C023D77}.Debug|Any CPU.Build.0 = Debug|Any CPU
		{A1581A5C-A76A-40C9-84E4-66EA7C023D77}.Release|Any CPU.ActiveCfg = Release|Any CPU
		{A1581A5C-A76A-40C9-84E4-66EA7C023D77}.Release|Any CPU.Build.0 = Release|Any CPU
		{08E9B853-73B8-40F1-AE66-FF9F5C08E8DF}.Debug|Any CPU.ActiveCfg = Debug|Any CPU
		{08E9B853-73B8-40F1-AE66-FF9F5C08E8DF}.Debug|Any CPU.Build.0 = Debug|Any CPU
		{08E9B853-73B8-40F1-AE66-FF9F5C08E8DF}.Release|Any CPU.ActiveCfg = Release|Any CPU
		{08E9B853-73B8-40F1-AE66-FF9F5C08E8DF}.Release|Any CPU.Build.0 = Release|Any CPU
		{2410E921-374D-4C59-B030-21D023FA81DB}.Debug|Any CPU.ActiveCfg = Debug|Any CPU
		{2410E921-374D-4C59-B030-21D023FA81DB}.Debug|Any CPU.Build.0 = Debug|Any CPU
		{2410E921-374D-4C59-B030-21D023FA81DB}.Release|Any CPU.ActiveCfg = Release|Any CPU
		{2410E921-374D-4C59-B030-21D023FA81DB}.Release|Any CPU.Build.0 = Release|Any CPU
		{BEFEC6BA-AB18-44B1-8DE8-68970CB81395}.Debug|Any CPU.ActiveCfg = Debug|Any CPU
		{BEFEC6BA-AB18-44B1-8DE8-68970CB81395}.Debug|Any CPU.Build.0 = Debug|Any CPU
		{BEFEC6BA-AB18-44B1-8DE8-68970CB81395}.Release|Any CPU.ActiveCfg = Release|Any CPU
		{BEFEC6BA-AB18-44B1-8DE8-68970CB81395}.Release|Any CPU.Build.0 = Release|Any CPU
		{01F33FD4-0F2C-490E-B073-0F890C428F2B}.Debug|Any CPU.ActiveCfg = Debug|Any CPU
		{01F33FD4-0F2C-490E-B073-0F890C428F2B}.Debug|Any CPU.Build.0 = Debug|Any CPU
		{01F33FD4-0F2C-490E-B073-0F890C428F2B}.Release|Any CPU.ActiveCfg = Release|Any CPU
		{01F33FD4-0F2C-490E-B073-0F890C428F2B}.Release|Any CPU.Build.0 = Release|Any CPU
		{EF21300C-AA18-4300-98B6-87CE9E3A9ADA}.Debug|Any CPU.ActiveCfg = Debug|Any CPU
		{EF21300C-AA18-4300-98B6-87CE9E3A9ADA}.Debug|Any CPU.Build.0 = Debug|Any CPU
		{EF21300C-AA18-4300-98B6-87CE9E3A9ADA}.Release|Any CPU.ActiveCfg = Release|Any CPU
		{EF21300C-AA18-4300-98B6-87CE9E3A9ADA}.Release|Any CPU.Build.0 = Release|Any CPU
		{EAB2EF9B-6280-47F0-B1DF-B6C5185BBF4B}.Debug|Any CPU.ActiveCfg = Debug|Any CPU
		{EAB2EF9B-6280-47F0-B1DF-B6C5185BBF4B}.Debug|Any CPU.Build.0 = Debug|Any CPU
		{EAB2EF9B-6280-47F0-B1DF-B6C5185BBF4B}.Release|Any CPU.ActiveCfg = Release|Any CPU
		{EAB2EF9B-6280-47F0-B1DF-B6C5185BBF4B}.Release|Any CPU.Build.0 = Release|Any CPU
		{FC21B188-FA34-4FB4-B6FF-6A7268626DA1}.Debug|Any CPU.ActiveCfg = Debug|Any CPU
		{FC21B188-FA34-4FB4-B6FF-6A7268626DA1}.Debug|Any CPU.Build.0 = Debug|Any CPU
		{FC21B188-FA34-4FB4-B6FF-6A7268626DA1}.Release|Any CPU.ActiveCfg = Release|Any CPU
		{FC21B188-FA34-4FB4-B6FF-6A7268626DA1}.Release|Any CPU.Build.0 = Release|Any CPU
		{37AFF3C6-81E8-433D-9BA5-7C2CA74B786A}.Debug|Any CPU.ActiveCfg = Debug|Any CPU
		{37AFF3C6-81E8-433D-9BA5-7C2CA74B786A}.Debug|Any CPU.Build.0 = Debug|Any CPU
		{37AFF3C6-81E8-433D-9BA5-7C2CA74B786A}.Release|Any CPU.ActiveCfg = Release|Any CPU
		{37AFF3C6-81E8-433D-9BA5-7C2CA74B786A}.Release|Any CPU.Build.0 = Release|Any CPU
		{EC53FAA6-D042-41FF-948E-EFBD9920DEA0}.Debug|Any CPU.ActiveCfg = Debug|Any CPU
		{EC53FAA6-D042-41FF-948E-EFBD9920DEA0}.Debug|Any CPU.Build.0 = Debug|Any CPU
		{EC53FAA6-D042-41FF-948E-EFBD9920DEA0}.Release|Any CPU.ActiveCfg = Release|Any CPU
		{EC53FAA6-D042-41FF-948E-EFBD9920DEA0}.Release|Any CPU.Build.0 = Release|Any CPU
		{553DBCC5-D00B-4BAC-A409-52DD52CBDA4D}.Debug|Any CPU.ActiveCfg = Debug|Any CPU
		{553DBCC5-D00B-4BAC-A409-52DD52CBDA4D}.Debug|Any CPU.Build.0 = Debug|Any CPU
		{553DBCC5-D00B-4BAC-A409-52DD52CBDA4D}.Release|Any CPU.ActiveCfg = Release|Any CPU
		{553DBCC5-D00B-4BAC-A409-52DD52CBDA4D}.Release|Any CPU.Build.0 = Release|Any CPU
		{E9E17221-9BDC-41B4-9DAE-C4601CF7C1C2}.Debug|Any CPU.ActiveCfg = Debug|Any CPU
		{E9E17221-9BDC-41B4-9DAE-C4601CF7C1C2}.Debug|Any CPU.Build.0 = Debug|Any CPU
		{E9E17221-9BDC-41B4-9DAE-C4601CF7C1C2}.Release|Any CPU.ActiveCfg = Release|Any CPU
		{E9E17221-9BDC-41B4-9DAE-C4601CF7C1C2}.Release|Any CPU.Build.0 = Release|Any CPU
		{E7032624-CD49-4503-A5B3-E70FC54312B1}.Debug|Any CPU.ActiveCfg = Debug|Any CPU
		{E7032624-CD49-4503-A5B3-E70FC54312B1}.Debug|Any CPU.Build.0 = Debug|Any CPU
		{E7032624-CD49-4503-A5B3-E70FC54312B1}.Release|Any CPU.ActiveCfg = Release|Any CPU
		{E7032624-CD49-4503-A5B3-E70FC54312B1}.Release|Any CPU.Build.0 = Release|Any CPU
		{6D51CBA2-36BB-476E-850A-57BC989F0972}.Debug|Any CPU.ActiveCfg = Debug|Any CPU
		{6D51CBA2-36BB-476E-850A-57BC989F0972}.Debug|Any CPU.Build.0 = Debug|Any CPU
		{6D51CBA2-36BB-476E-850A-57BC989F0972}.Release|Any CPU.ActiveCfg = Release|Any CPU
		{6D51CBA2-36BB-476E-850A-57BC989F0972}.Release|Any CPU.Build.0 = Release|Any CPU
		{47A36AEB-2782-4860-94D0-46F7C108259E}.Debug|Any CPU.ActiveCfg = Debug|Any CPU
		{47A36AEB-2782-4860-94D0-46F7C108259E}.Debug|Any CPU.Build.0 = Debug|Any CPU
		{47A36AEB-2782-4860-94D0-46F7C108259E}.Release|Any CPU.ActiveCfg = Release|Any CPU
		{47A36AEB-2782-4860-94D0-46F7C108259E}.Release|Any CPU.Build.0 = Release|Any CPU
		{719CA4E7-D695-47AA-9A3D-8464D6D68A04}.Debug|Any CPU.ActiveCfg = Debug|Any CPU
		{719CA4E7-D695-47AA-9A3D-8464D6D68A04}.Debug|Any CPU.Build.0 = Debug|Any CPU
		{719CA4E7-D695-47AA-9A3D-8464D6D68A04}.Release|Any CPU.ActiveCfg = Release|Any CPU
		{719CA4E7-D695-47AA-9A3D-8464D6D68A04}.Release|Any CPU.Build.0 = Release|Any CPU
		{D0821FC5-019C-4AE3-B50B-D6BA5A73A7A9}.Debug|Any CPU.ActiveCfg = Debug|Any CPU
		{D0821FC5-019C-4AE3-B50B-D6BA5A73A7A9}.Debug|Any CPU.Build.0 = Debug|Any CPU
		{D0821FC5-019C-4AE3-B50B-D6BA5A73A7A9}.Release|Any CPU.ActiveCfg = Release|Any CPU
		{D0821FC5-019C-4AE3-B50B-D6BA5A73A7A9}.Release|Any CPU.Build.0 = Release|Any CPU
		{EC904D0D-0CEB-4D1D-9C70-421F39537DD4}.Debug|Any CPU.ActiveCfg = Debug|Any CPU
		{EC904D0D-0CEB-4D1D-9C70-421F39537DD4}.Debug|Any CPU.Build.0 = Debug|Any CPU
		{EC904D0D-0CEB-4D1D-9C70-421F39537DD4}.Release|Any CPU.ActiveCfg = Release|Any CPU
		{EC904D0D-0CEB-4D1D-9C70-421F39537DD4}.Release|Any CPU.Build.0 = Release|Any CPU
		{46FB2277-87B4-4516-BF89-2492EC6D076A}.Debug|Any CPU.ActiveCfg = Debug|Any CPU
		{46FB2277-87B4-4516-BF89-2492EC6D076A}.Debug|Any CPU.Build.0 = Debug|Any CPU
		{46FB2277-87B4-4516-BF89-2492EC6D076A}.Release|Any CPU.ActiveCfg = Release|Any CPU
		{46FB2277-87B4-4516-BF89-2492EC6D076A}.Release|Any CPU.Build.0 = Release|Any CPU
		{9F97591A-D0E7-4A14-B9A2-8F9E240A03BE}.Debug|Any CPU.ActiveCfg = Debug|Any CPU
		{9F97591A-D0E7-4A14-B9A2-8F9E240A03BE}.Debug|Any CPU.Build.0 = Debug|Any CPU
		{9F97591A-D0E7-4A14-B9A2-8F9E240A03BE}.Release|Any CPU.ActiveCfg = Release|Any CPU
		{9F97591A-D0E7-4A14-B9A2-8F9E240A03BE}.Release|Any CPU.Build.0 = Release|Any CPU
		{7ACE20AF-60A5-473E-B5DC-81A55B34CF14}.Debug|Any CPU.ActiveCfg = Debug|Any CPU
		{7ACE20AF-60A5-473E-B5DC-81A55B34CF14}.Debug|Any CPU.Build.0 = Debug|Any CPU
		{7ACE20AF-60A5-473E-B5DC-81A55B34CF14}.Release|Any CPU.ActiveCfg = Release|Any CPU
		{7ACE20AF-60A5-473E-B5DC-81A55B34CF14}.Release|Any CPU.Build.0 = Release|Any CPU
		{DA13CD07-9106-4F7C-B3B7-33CA25A6F9A5}.Debug|Any CPU.ActiveCfg = Debug|Any CPU
		{DA13CD07-9106-4F7C-B3B7-33CA25A6F9A5}.Debug|Any CPU.Build.0 = Debug|Any CPU
		{DA13CD07-9106-4F7C-B3B7-33CA25A6F9A5}.Release|Any CPU.ActiveCfg = Release|Any CPU
		{DA13CD07-9106-4F7C-B3B7-33CA25A6F9A5}.Release|Any CPU.Build.0 = Release|Any CPU
		{B0C5E847-746B-4B90-AAE4-95EE709ABA38}.Debug|Any CPU.ActiveCfg = Debug|Any CPU
		{B0C5E847-746B-4B90-AAE4-95EE709ABA38}.Debug|Any CPU.Build.0 = Debug|Any CPU
		{B0C5E847-746B-4B90-AAE4-95EE709ABA38}.Release|Any CPU.ActiveCfg = Release|Any CPU
		{B0C5E847-746B-4B90-AAE4-95EE709ABA38}.Release|Any CPU.Build.0 = Release|Any CPU
		{8830A2EB-71B8-4146-83B6-B0DFFDE32CD2}.Debug|Any CPU.ActiveCfg = Debug|Any CPU
		{8830A2EB-71B8-4146-83B6-B0DFFDE32CD2}.Debug|Any CPU.Build.0 = Debug|Any CPU
		{8830A2EB-71B8-4146-83B6-B0DFFDE32CD2}.Release|Any CPU.ActiveCfg = Release|Any CPU
		{8830A2EB-71B8-4146-83B6-B0DFFDE32CD2}.Release|Any CPU.Build.0 = Release|Any CPU
		{03F39D72-70C5-443C-8F1F-57C042CCC45F}.Debug|Any CPU.ActiveCfg = Debug|Any CPU
		{03F39D72-70C5-443C-8F1F-57C042CCC45F}.Debug|Any CPU.Build.0 = Debug|Any CPU
		{03F39D72-70C5-443C-8F1F-57C042CCC45F}.Release|Any CPU.ActiveCfg = Release|Any CPU
		{03F39D72-70C5-443C-8F1F-57C042CCC45F}.Release|Any CPU.Build.0 = Release|Any CPU
		{55EEF652-675A-4A65-9C97-E74822F3B45F}.Debug|Any CPU.ActiveCfg = Debug|Any CPU
		{55EEF652-675A-4A65-9C97-E74822F3B45F}.Debug|Any CPU.Build.0 = Debug|Any CPU
		{55EEF652-675A-4A65-9C97-E74822F3B45F}.Release|Any CPU.ActiveCfg = Release|Any CPU
		{55EEF652-675A-4A65-9C97-E74822F3B45F}.Release|Any CPU.Build.0 = Release|Any CPU
		{D2906EF8-2666-4527-BD5B-FE421C8D543C}.Debug|Any CPU.ActiveCfg = Debug|Any CPU
		{D2906EF8-2666-4527-BD5B-FE421C8D543C}.Debug|Any CPU.Build.0 = Debug|Any CPU
		{D2906EF8-2666-4527-BD5B-FE421C8D543C}.Release|Any CPU.ActiveCfg = Release|Any CPU
		{D2906EF8-2666-4527-BD5B-FE421C8D543C}.Release|Any CPU.Build.0 = Release|Any CPU
		{212BDCB9-B123-4C9D-86BB-36712C693C7A}.Debug|Any CPU.ActiveCfg = Debug|Any CPU
		{212BDCB9-B123-4C9D-86BB-36712C693C7A}.Debug|Any CPU.Build.0 = Debug|Any CPU
		{212BDCB9-B123-4C9D-86BB-36712C693C7A}.Release|Any CPU.ActiveCfg = Release|Any CPU
		{212BDCB9-B123-4C9D-86BB-36712C693C7A}.Release|Any CPU.Build.0 = Release|Any CPU
		{9CFF90B6-FAA8-4A90-9E44-32BCF6F4114C}.Debug|Any CPU.ActiveCfg = Debug|Any CPU
		{9CFF90B6-FAA8-4A90-9E44-32BCF6F4114C}.Debug|Any CPU.Build.0 = Debug|Any CPU
		{9CFF90B6-FAA8-4A90-9E44-32BCF6F4114C}.Release|Any CPU.ActiveCfg = Release|Any CPU
		{9CFF90B6-FAA8-4A90-9E44-32BCF6F4114C}.Release|Any CPU.Build.0 = Release|Any CPU
		{123C2D40-A576-47C6-9B07-7F9476195BA2}.Debug|Any CPU.ActiveCfg = Debug|Any CPU
		{123C2D40-A576-47C6-9B07-7F9476195BA2}.Debug|Any CPU.Build.0 = Debug|Any CPU
		{123C2D40-A576-47C6-9B07-7F9476195BA2}.Release|Any CPU.ActiveCfg = Release|Any CPU
		{123C2D40-A576-47C6-9B07-7F9476195BA2}.Release|Any CPU.Build.0 = Release|Any CPU
		{E4AC42BF-4C32-4AED-A3E7-4628178F0053}.Debug|Any CPU.ActiveCfg = Debug|Any CPU
		{E4AC42BF-4C32-4AED-A3E7-4628178F0053}.Debug|Any CPU.Build.0 = Debug|Any CPU
		{E4AC42BF-4C32-4AED-A3E7-4628178F0053}.Release|Any CPU.ActiveCfg = Release|Any CPU
		{E4AC42BF-4C32-4AED-A3E7-4628178F0053}.Release|Any CPU.Build.0 = Release|Any CPU
		{71238029-C758-4308-9205-7DA41530B93B}.Debug|Any CPU.ActiveCfg = Debug|Any CPU
		{71238029-C758-4308-9205-7DA41530B93B}.Debug|Any CPU.Build.0 = Debug|Any CPU
		{71238029-C758-4308-9205-7DA41530B93B}.Release|Any CPU.ActiveCfg = Release|Any CPU
		{71238029-C758-4308-9205-7DA41530B93B}.Release|Any CPU.Build.0 = Release|Any CPU
		{83731EB5-8816-4B64-8A52-6D6BB962DC5D}.Debug|Any CPU.ActiveCfg = Debug|Any CPU
		{83731EB5-8816-4B64-8A52-6D6BB962DC5D}.Debug|Any CPU.Build.0 = Debug|Any CPU
		{83731EB5-8816-4B64-8A52-6D6BB962DC5D}.Release|Any CPU.ActiveCfg = Release|Any CPU
		{83731EB5-8816-4B64-8A52-6D6BB962DC5D}.Release|Any CPU.Build.0 = Release|Any CPU
		{87A4C02F-40AA-476A-9D3F-3C6DC051451A}.Debug|Any CPU.ActiveCfg = Debug|Any CPU
		{87A4C02F-40AA-476A-9D3F-3C6DC051451A}.Debug|Any CPU.Build.0 = Debug|Any CPU
		{87A4C02F-40AA-476A-9D3F-3C6DC051451A}.Release|Any CPU.ActiveCfg = Release|Any CPU
		{87A4C02F-40AA-476A-9D3F-3C6DC051451A}.Release|Any CPU.Build.0 = Release|Any CPU
		{9F3EB10B-2F5D-49D5-AD67-228D7C7A61B2}.Debug|Any CPU.ActiveCfg = Debug|Any CPU
		{9F3EB10B-2F5D-49D5-AD67-228D7C7A61B2}.Debug|Any CPU.Build.0 = Debug|Any CPU
		{9F3EB10B-2F5D-49D5-AD67-228D7C7A61B2}.Release|Any CPU.ActiveCfg = Release|Any CPU
		{9F3EB10B-2F5D-49D5-AD67-228D7C7A61B2}.Release|Any CPU.Build.0 = Release|Any CPU
		{845C7A21-512F-4CD7-895C-AF11DBCEFA91}.Debug|Any CPU.ActiveCfg = Debug|Any CPU
		{845C7A21-512F-4CD7-895C-AF11DBCEFA91}.Debug|Any CPU.Build.0 = Debug|Any CPU
		{845C7A21-512F-4CD7-895C-AF11DBCEFA91}.Release|Any CPU.ActiveCfg = Release|Any CPU
		{845C7A21-512F-4CD7-895C-AF11DBCEFA91}.Release|Any CPU.Build.0 = Release|Any CPU
		{E64E3D36-5DC6-4649-B23A-76EE102346E9}.Debug|Any CPU.ActiveCfg = Debug|Any CPU
		{E64E3D36-5DC6-4649-B23A-76EE102346E9}.Debug|Any CPU.Build.0 = Debug|Any CPU
		{E64E3D36-5DC6-4649-B23A-76EE102346E9}.Release|Any CPU.ActiveCfg = Release|Any CPU
		{E64E3D36-5DC6-4649-B23A-76EE102346E9}.Release|Any CPU.Build.0 = Release|Any CPU
		{0DBAB838-C4FC-4416-B10B-075E9ECFA744}.Debug|Any CPU.ActiveCfg = Debug|Any CPU
		{0DBAB838-C4FC-4416-B10B-075E9ECFA744}.Debug|Any CPU.Build.0 = Debug|Any CPU
		{0DBAB838-C4FC-4416-B10B-075E9ECFA744}.Release|Any CPU.ActiveCfg = Release|Any CPU
		{0DBAB838-C4FC-4416-B10B-075E9ECFA744}.Release|Any CPU.Build.0 = Release|Any CPU
		{1DA3B789-6B9B-47E1-AC5A-D6A140B75B9F}.Debug|Any CPU.ActiveCfg = Debug|Any CPU
		{1DA3B789-6B9B-47E1-AC5A-D6A140B75B9F}.Debug|Any CPU.Build.0 = Debug|Any CPU
		{1DA3B789-6B9B-47E1-AC5A-D6A140B75B9F}.Release|Any CPU.ActiveCfg = Release|Any CPU
		{1DA3B789-6B9B-47E1-AC5A-D6A140B75B9F}.Release|Any CPU.Build.0 = Release|Any CPU
		{BF05BDA2-2414-4141-998D-9BFCD09F0606}.Debug|Any CPU.ActiveCfg = Debug|Any CPU
		{BF05BDA2-2414-4141-998D-9BFCD09F0606}.Debug|Any CPU.Build.0 = Debug|Any CPU
		{BF05BDA2-2414-4141-998D-9BFCD09F0606}.Release|Any CPU.ActiveCfg = Release|Any CPU
		{BF05BDA2-2414-4141-998D-9BFCD09F0606}.Release|Any CPU.Build.0 = Release|Any CPU
		{41D20EDE-DF1A-433A-A068-D4724C4DC397}.Debug|Any CPU.ActiveCfg = Debug|Any CPU
		{41D20EDE-DF1A-433A-A068-D4724C4DC397}.Debug|Any CPU.Build.0 = Debug|Any CPU
		{41D20EDE-DF1A-433A-A068-D4724C4DC397}.Release|Any CPU.ActiveCfg = Release|Any CPU
		{41D20EDE-DF1A-433A-A068-D4724C4DC397}.Release|Any CPU.Build.0 = Release|Any CPU
		{535D6A00-96F1-41AE-B166-AC031B2C5116}.Debug|Any CPU.ActiveCfg = Debug|Any CPU
		{535D6A00-96F1-41AE-B166-AC031B2C5116}.Debug|Any CPU.Build.0 = Debug|Any CPU
		{535D6A00-96F1-41AE-B166-AC031B2C5116}.Release|Any CPU.ActiveCfg = Release|Any CPU
		{535D6A00-96F1-41AE-B166-AC031B2C5116}.Release|Any CPU.Build.0 = Release|Any CPU
		{9E7796C7-F667-462C-91A9-8A1C99447421}.Debug|Any CPU.ActiveCfg = Debug|Any CPU
		{9E7796C7-F667-462C-91A9-8A1C99447421}.Debug|Any CPU.Build.0 = Debug|Any CPU
		{9E7796C7-F667-462C-91A9-8A1C99447421}.Release|Any CPU.ActiveCfg = Release|Any CPU
		{9E7796C7-F667-462C-91A9-8A1C99447421}.Release|Any CPU.Build.0 = Release|Any CPU
		{3C61DEF0-F10A-42CA-B857-9B6371F99307}.Debug|Any CPU.ActiveCfg = Debug|Any CPU
		{3C61DEF0-F10A-42CA-B857-9B6371F99307}.Debug|Any CPU.Build.0 = Debug|Any CPU
		{3C61DEF0-F10A-42CA-B857-9B6371F99307}.Release|Any CPU.ActiveCfg = Release|Any CPU
		{3C61DEF0-F10A-42CA-B857-9B6371F99307}.Release|Any CPU.Build.0 = Release|Any CPU
		{77122876-C3A8-46FA-9D4A-58850910D5DA}.Debug|Any CPU.ActiveCfg = Debug|Any CPU
		{77122876-C3A8-46FA-9D4A-58850910D5DA}.Debug|Any CPU.Build.0 = Debug|Any CPU
		{77122876-C3A8-46FA-9D4A-58850910D5DA}.Release|Any CPU.ActiveCfg = Release|Any CPU
		{77122876-C3A8-46FA-9D4A-58850910D5DA}.Release|Any CPU.Build.0 = Release|Any CPU
		{D5619511-6823-4356-8865-2D7524E634E2}.Debug|Any CPU.ActiveCfg = Debug|Any CPU
		{D5619511-6823-4356-8865-2D7524E634E2}.Debug|Any CPU.Build.0 = Debug|Any CPU
		{D5619511-6823-4356-8865-2D7524E634E2}.Release|Any CPU.ActiveCfg = Release|Any CPU
		{D5619511-6823-4356-8865-2D7524E634E2}.Release|Any CPU.Build.0 = Release|Any CPU
		{11EF9955-7765-464D-BE23-97DC6241B19E}.Debug|Any CPU.ActiveCfg = Debug|Any CPU
		{11EF9955-7765-464D-BE23-97DC6241B19E}.Debug|Any CPU.Build.0 = Debug|Any CPU
		{11EF9955-7765-464D-BE23-97DC6241B19E}.Release|Any CPU.ActiveCfg = Release|Any CPU
		{11EF9955-7765-464D-BE23-97DC6241B19E}.Release|Any CPU.Build.0 = Release|Any CPU
		{48684A78-0B44-4E80-A74A-D075BAF9D296}.Debug|Any CPU.ActiveCfg = Debug|Any CPU
		{48684A78-0B44-4E80-A74A-D075BAF9D296}.Debug|Any CPU.Build.0 = Debug|Any CPU
		{48684A78-0B44-4E80-A74A-D075BAF9D296}.Release|Any CPU.ActiveCfg = Release|Any CPU
		{48684A78-0B44-4E80-A74A-D075BAF9D296}.Release|Any CPU.Build.0 = Release|Any CPU
		{E9DF82B3-E320-4B8D-B495-4C73E5156F78}.Debug|Any CPU.ActiveCfg = Debug|Any CPU
		{E9DF82B3-E320-4B8D-B495-4C73E5156F78}.Debug|Any CPU.Build.0 = Debug|Any CPU
		{E9DF82B3-E320-4B8D-B495-4C73E5156F78}.Release|Any CPU.ActiveCfg = Release|Any CPU
		{E9DF82B3-E320-4B8D-B495-4C73E5156F78}.Release|Any CPU.Build.0 = Release|Any CPU
		{B6BEF534-553D-48C8-A501-31C2591268FF}.Debug|Any CPU.ActiveCfg = Debug|Any CPU
		{B6BEF534-553D-48C8-A501-31C2591268FF}.Debug|Any CPU.Build.0 = Debug|Any CPU
		{B6BEF534-553D-48C8-A501-31C2591268FF}.Release|Any CPU.ActiveCfg = Release|Any CPU
		{B6BEF534-553D-48C8-A501-31C2591268FF}.Release|Any CPU.Build.0 = Release|Any CPU
		{35CD7017-01E6-4E54-A989-70E3E43C354C}.Debug|Any CPU.ActiveCfg = Debug|Any CPU
		{35CD7017-01E6-4E54-A989-70E3E43C354C}.Debug|Any CPU.Build.0 = Debug|Any CPU
		{35CD7017-01E6-4E54-A989-70E3E43C354C}.Release|Any CPU.ActiveCfg = Release|Any CPU
		{35CD7017-01E6-4E54-A989-70E3E43C354C}.Release|Any CPU.Build.0 = Release|Any CPU
		{9F27CE43-5B30-4E17-8926-946435B021D2}.Debug|Any CPU.ActiveCfg = Debug|Any CPU
		{9F27CE43-5B30-4E17-8926-946435B021D2}.Debug|Any CPU.Build.0 = Debug|Any CPU
		{9F27CE43-5B30-4E17-8926-946435B021D2}.Release|Any CPU.ActiveCfg = Release|Any CPU
		{9F27CE43-5B30-4E17-8926-946435B021D2}.Release|Any CPU.Build.0 = Release|Any CPU
		{712BCAE3-A37B-4DD5-B6AC-C1CE96877E22}.Debug|Any CPU.ActiveCfg = Debug|Any CPU
		{712BCAE3-A37B-4DD5-B6AC-C1CE96877E22}.Debug|Any CPU.Build.0 = Debug|Any CPU
		{712BCAE3-A37B-4DD5-B6AC-C1CE96877E22}.Release|Any CPU.ActiveCfg = Release|Any CPU
		{712BCAE3-A37B-4DD5-B6AC-C1CE96877E22}.Release|Any CPU.Build.0 = Release|Any CPU
		{8C603789-8E25-47CA-A12D-890D2D37B496}.Debug|Any CPU.ActiveCfg = Debug|Any CPU
		{8C603789-8E25-47CA-A12D-890D2D37B496}.Debug|Any CPU.Build.0 = Debug|Any CPU
		{8C603789-8E25-47CA-A12D-890D2D37B496}.Release|Any CPU.ActiveCfg = Release|Any CPU
		{8C603789-8E25-47CA-A12D-890D2D37B496}.Release|Any CPU.Build.0 = Release|Any CPU
		{2867A75B-2FE3-4AA4-97C1-C0E34CC47100}.Debug|Any CPU.ActiveCfg = Debug|Any CPU
		{2867A75B-2FE3-4AA4-97C1-C0E34CC47100}.Debug|Any CPU.Build.0 = Debug|Any CPU
		{2867A75B-2FE3-4AA4-97C1-C0E34CC47100}.Release|Any CPU.ActiveCfg = Release|Any CPU
		{2867A75B-2FE3-4AA4-97C1-C0E34CC47100}.Release|Any CPU.Build.0 = Release|Any CPU
		{202E96E4-F785-4505-9777-A9E702E7C0EA}.Debug|Any CPU.ActiveCfg = Debug|Any CPU
		{202E96E4-F785-4505-9777-A9E702E7C0EA}.Debug|Any CPU.Build.0 = Debug|Any CPU
		{202E96E4-F785-4505-9777-A9E702E7C0EA}.Release|Any CPU.ActiveCfg = Release|Any CPU
		{202E96E4-F785-4505-9777-A9E702E7C0EA}.Release|Any CPU.Build.0 = Release|Any CPU
		{79915DDE-88BE-47EC-8A2E-418D232B1119}.Debug|Any CPU.ActiveCfg = Debug|Any CPU
		{79915DDE-88BE-47EC-8A2E-418D232B1119}.Debug|Any CPU.Build.0 = Debug|Any CPU
		{79915DDE-88BE-47EC-8A2E-418D232B1119}.Release|Any CPU.ActiveCfg = Release|Any CPU
		{79915DDE-88BE-47EC-8A2E-418D232B1119}.Release|Any CPU.Build.0 = Release|Any CPU
		{6D0487F8-A9F9-4A29-B89D-B7D8939920FB}.Debug|Any CPU.ActiveCfg = Debug|Any CPU
		{6D0487F8-A9F9-4A29-B89D-B7D8939920FB}.Debug|Any CPU.Build.0 = Debug|Any CPU
		{6D0487F8-A9F9-4A29-B89D-B7D8939920FB}.Release|Any CPU.ActiveCfg = Release|Any CPU
		{6D0487F8-A9F9-4A29-B89D-B7D8939920FB}.Release|Any CPU.Build.0 = Release|Any CPU
		{E56D784B-6C91-4090-97CB-606F70DAAA29}.Debug|Any CPU.ActiveCfg = Debug|Any CPU
		{E56D784B-6C91-4090-97CB-606F70DAAA29}.Debug|Any CPU.Build.0 = Debug|Any CPU
		{E56D784B-6C91-4090-97CB-606F70DAAA29}.Release|Any CPU.ActiveCfg = Release|Any CPU
		{E56D784B-6C91-4090-97CB-606F70DAAA29}.Release|Any CPU.Build.0 = Release|Any CPU
		{9782917C-8620-4096-9000-9D2D589BAAC8}.Debug|Any CPU.ActiveCfg = Debug|Any CPU
		{9782917C-8620-4096-9000-9D2D589BAAC8}.Debug|Any CPU.Build.0 = Debug|Any CPU
		{9782917C-8620-4096-9000-9D2D589BAAC8}.Release|Any CPU.ActiveCfg = Release|Any CPU
		{9782917C-8620-4096-9000-9D2D589BAAC8}.Release|Any CPU.Build.0 = Release|Any CPU
	EndGlobalSection
	GlobalSection(SolutionProperties) = preSolution
		HideSolutionNode = FALSE
	EndGlobalSection
	GlobalSection(NestedProjects) = preSolution
		{02EA681E-C7D8-13C7-8484-4AC65E1B71E8} = {91890010-50D0-450C-B44A-8199E65B5A86}
		{D385AB44-BCEE-4B05-92E6-7A023C73D8C9} = {02EA681E-C7D8-13C7-8484-4AC65E1B71E8}
		{16B897DC-B605-42EF-9154-779F6C5698B1} = {02EA681E-C7D8-13C7-8484-4AC65E1B71E8}
		{AEBDD1DC-A7C4-4486-8276-521DFFC2EFA2} = {16B897DC-B605-42EF-9154-779F6C5698B1}
		{97140AB8-A8DA-4D5C-A3B9-80812C177428} = {16B897DC-B605-42EF-9154-779F6C5698B1}
		{ED1D8846-6846-47A5-8859-42BF039A8F38} = {02EA681E-C7D8-13C7-8484-4AC65E1B71E8}
		{EB3E8913-B34D-4491-A784-A1A26DDBCD1E} = {91890010-50D0-450C-B44A-8199E65B5A86}
		{3F588228-BD51-4E7E-BA28-856C534D05EB} = {91890010-50D0-450C-B44A-8199E65B5A86}
		{94421BCF-04CA-46DA-9F57-FAE1369F1823} = {D385AB44-BCEE-4B05-92E6-7A023C73D8C9}
		{2B38A7A0-4D4A-4C7E-915F-4DA49A9D5A50} = {D385AB44-BCEE-4B05-92E6-7A023C73D8C9}
		{1D1283F6-EE71-4533-8F4E-CB5394311E10} = {D385AB44-BCEE-4B05-92E6-7A023C73D8C9}
		{47CE8BC3-EFCB-4BFA-BE10-0DCBC2D09F02} = {D385AB44-BCEE-4B05-92E6-7A023C73D8C9}
		{A1581A5C-A76A-40C9-84E4-66EA7C023D77} = {AEBDD1DC-A7C4-4486-8276-521DFFC2EFA2}
		{08E9B853-73B8-40F1-AE66-FF9F5C08E8DF} = {AEBDD1DC-A7C4-4486-8276-521DFFC2EFA2}
		{2410E921-374D-4C59-B030-21D023FA81DB} = {AEBDD1DC-A7C4-4486-8276-521DFFC2EFA2}
		{BEFEC6BA-AB18-44B1-8DE8-68970CB81395} = {AEBDD1DC-A7C4-4486-8276-521DFFC2EFA2}
		{01F33FD4-0F2C-490E-B073-0F890C428F2B} = {97140AB8-A8DA-4D5C-A3B9-80812C177428}
		{EF21300C-AA18-4300-98B6-87CE9E3A9ADA} = {97140AB8-A8DA-4D5C-A3B9-80812C177428}
		{EAB2EF9B-6280-47F0-B1DF-B6C5185BBF4B} = {97140AB8-A8DA-4D5C-A3B9-80812C177428}
		{FC21B188-FA34-4FB4-B6FF-6A7268626DA1} = {97140AB8-A8DA-4D5C-A3B9-80812C177428}
		{37AFF3C6-81E8-433D-9BA5-7C2CA74B786A} = {ED1D8846-6846-47A5-8859-42BF039A8F38}
		{EC53FAA6-D042-41FF-948E-EFBD9920DEA0} = {ED1D8846-6846-47A5-8859-42BF039A8F38}
		{3F883832-93BE-48EE-88D6-428EBDC5628E} = {16B897DC-B605-42EF-9154-779F6C5698B1}
		{553DBCC5-D00B-4BAC-A409-52DD52CBDA4D} = {3F883832-93BE-48EE-88D6-428EBDC5628E}
		{E9E17221-9BDC-41B4-9DAE-C4601CF7C1C2} = {3F883832-93BE-48EE-88D6-428EBDC5628E}
		{E7032624-CD49-4503-A5B3-E70FC54312B1} = {3F883832-93BE-48EE-88D6-428EBDC5628E}
		{6D51CBA2-36BB-476E-850A-57BC989F0972} = {3F883832-93BE-48EE-88D6-428EBDC5628E}
		{4BC27D09-421E-45AE-8884-E03F5648EFBD} = {16B897DC-B605-42EF-9154-779F6C5698B1}
		{47A36AEB-2782-4860-94D0-46F7C108259E} = {4BC27D09-421E-45AE-8884-E03F5648EFBD}
		{719CA4E7-D695-47AA-9A3D-8464D6D68A04} = {4BC27D09-421E-45AE-8884-E03F5648EFBD}
		{D0821FC5-019C-4AE3-B50B-D6BA5A73A7A9} = {4BC27D09-421E-45AE-8884-E03F5648EFBD}
		{EC904D0D-0CEB-4D1D-9C70-421F39537DD4} = {4BC27D09-421E-45AE-8884-E03F5648EFBD}
		{46FB2277-87B4-4516-BF89-2492EC6D076A} = {D385AB44-BCEE-4B05-92E6-7A023C73D8C9}
		{3A93DF49-24E6-45B2-8B73-0692137A304C} = {16B897DC-B605-42EF-9154-779F6C5698B1}
		{9F97591A-D0E7-4A14-B9A2-8F9E240A03BE} = {3A93DF49-24E6-45B2-8B73-0692137A304C}
		{7ACE20AF-60A5-473E-B5DC-81A55B34CF14} = {3A93DF49-24E6-45B2-8B73-0692137A304C}
		{DA13CD07-9106-4F7C-B3B7-33CA25A6F9A5} = {3A93DF49-24E6-45B2-8B73-0692137A304C}
		{B0C5E847-746B-4B90-AAE4-95EE709ABA38} = {3A93DF49-24E6-45B2-8B73-0692137A304C}
		{8830A2EB-71B8-4146-83B6-B0DFFDE32CD2} = {3A93DF49-24E6-45B2-8B73-0692137A304C}
		{03F39D72-70C5-443C-8F1F-57C042CCC45F} = {4BC27D09-421E-45AE-8884-E03F5648EFBD}
		{55EEF652-675A-4A65-9C97-E74822F3B45F} = {97140AB8-A8DA-4D5C-A3B9-80812C177428}
		{D2906EF8-2666-4527-BD5B-FE421C8D543C} = {3F883832-93BE-48EE-88D6-428EBDC5628E}
		{1D281DFB-8F0D-439D-953C-966981248709} = {16B897DC-B605-42EF-9154-779F6C5698B1}
		{212BDCB9-B123-4C9D-86BB-36712C693C7A} = {1D281DFB-8F0D-439D-953C-966981248709}
		{9CFF90B6-FAA8-4A90-9E44-32BCF6F4114C} = {1D281DFB-8F0D-439D-953C-966981248709}
		{123C2D40-A576-47C6-9B07-7F9476195BA2} = {1D281DFB-8F0D-439D-953C-966981248709}
		{E4AC42BF-4C32-4AED-A3E7-4628178F0053} = {1D281DFB-8F0D-439D-953C-966981248709}
		{71238029-C758-4308-9205-7DA41530B93B} = {1D281DFB-8F0D-439D-953C-966981248709}
		{D7264374-90C3-4C88-8425-521BFE343965} = {16B897DC-B605-42EF-9154-779F6C5698B1}
		{83731EB5-8816-4B64-8A52-6D6BB962DC5D} = {D7264374-90C3-4C88-8425-521BFE343965}
		{87A4C02F-40AA-476A-9D3F-3C6DC051451A} = {D7264374-90C3-4C88-8425-521BFE343965}
		{9F3EB10B-2F5D-49D5-AD67-228D7C7A61B2} = {D7264374-90C3-4C88-8425-521BFE343965}
		{845C7A21-512F-4CD7-895C-AF11DBCEFA91} = {D7264374-90C3-4C88-8425-521BFE343965}
		{E64E3D36-5DC6-4649-B23A-76EE102346E9} = {D7264374-90C3-4C88-8425-521BFE343965}
		{0DBAB838-C4FC-4416-B10B-075E9ECFA744} = {D7264374-90C3-4C88-8425-521BFE343965}
		{1DA3B789-6B9B-47E1-AC5A-D6A140B75B9F} = {1D281DFB-8F0D-439D-953C-966981248709}
		{48BB054A-3494-4556-8E0B-655A97FD52B1} = {16B897DC-B605-42EF-9154-779F6C5698B1}
		{BF05BDA2-2414-4141-998D-9BFCD09F0606} = {48BB054A-3494-4556-8E0B-655A97FD52B1}
		{41D20EDE-DF1A-433A-A068-D4724C4DC397} = {48BB054A-3494-4556-8E0B-655A97FD52B1}
		{535D6A00-96F1-41AE-B166-AC031B2C5116} = {48BB054A-3494-4556-8E0B-655A97FD52B1}
		{9E7796C7-F667-462C-91A9-8A1C99447421} = {48BB054A-3494-4556-8E0B-655A97FD52B1}
		{EFC416BA-9B36-493E-B855-A6C92F853AC2} = {16B897DC-B605-42EF-9154-779F6C5698B1}
		{3C61DEF0-F10A-42CA-B857-9B6371F99307} = {EFC416BA-9B36-493E-B855-A6C92F853AC2}
		{77122876-C3A8-46FA-9D4A-58850910D5DA} = {AEBDD1DC-A7C4-4486-8276-521DFFC2EFA2}
		{D5619511-6823-4356-8865-2D7524E634E2} = {EFC416BA-9B36-493E-B855-A6C92F853AC2}
		{11EF9955-7765-464D-BE23-97DC6241B19E} = {EFC416BA-9B36-493E-B855-A6C92F853AC2}
		{48684A78-0B44-4E80-A74A-D075BAF9D296} = {EFC416BA-9B36-493E-B855-A6C92F853AC2}
		{9A9A0A5E-18EC-428C-BB92-065691B7049A} = {16B897DC-B605-42EF-9154-779F6C5698B1}
		{E9DF82B3-E320-4B8D-B495-4C73E5156F78} = {9A9A0A5E-18EC-428C-BB92-065691B7049A}
		{B6BEF534-553D-48C8-A501-31C2591268FF} = {9A9A0A5E-18EC-428C-BB92-065691B7049A}
		{35CD7017-01E6-4E54-A989-70E3E43C354C} = {9A9A0A5E-18EC-428C-BB92-065691B7049A}
		{7C6ACA11-13A9-431E-9961-790158453049} = {02EA681E-C7D8-13C7-8484-4AC65E1B71E8}
		{CD5173EF-052F-4585-9273-5733A56CAA85} = {7C6ACA11-13A9-431E-9961-790158453049}
		{E2033B6E-D37A-44B5-BD01-DC1AEB416C56} = {CD5173EF-052F-4585-9273-5733A56CAA85}
		{75610CD5-2799-4F89-A628-4615BBD06D42} = {CD5173EF-052F-4585-9273-5733A56CAA85}
		{6EC934E5-7B52-46C0-A67B-78620A5E089B} = {E2033B6E-D37A-44B5-BD01-DC1AEB416C56}
		{B824531E-A251-405D-9770-BFFB322AAAF6} = {E2033B6E-D37A-44B5-BD01-DC1AEB416C56}
		{9F27CE43-5B30-4E17-8926-946435B021D2} = {6EC934E5-7B52-46C0-A67B-78620A5E089B}
		{712BCAE3-A37B-4DD5-B6AC-C1CE96877E22} = {6EC934E5-7B52-46C0-A67B-78620A5E089B}
		{8C603789-8E25-47CA-A12D-890D2D37B496} = {6EC934E5-7B52-46C0-A67B-78620A5E089B}
		{2867A75B-2FE3-4AA4-97C1-C0E34CC47100} = {6EC934E5-7B52-46C0-A67B-78620A5E089B}
		{202E96E4-F785-4505-9777-A9E702E7C0EA} = {6EC934E5-7B52-46C0-A67B-78620A5E089B}
		{B5D6A3A0-AE71-49B1-94A9-96F29606350A} = {CD5173EF-052F-4585-9273-5733A56CAA85}
		{79915DDE-88BE-47EC-8A2E-418D232B1119} = {B5D6A3A0-AE71-49B1-94A9-96F29606350A}
		{6D0487F8-A9F9-4A29-B89D-B7D8939920FB} = {B5D6A3A0-AE71-49B1-94A9-96F29606350A}
		{E56D784B-6C91-4090-97CB-606F70DAAA29} = {B5D6A3A0-AE71-49B1-94A9-96F29606350A}
		{9782917C-8620-4096-9000-9D2D589BAAC8} = {B5D6A3A0-AE71-49B1-94A9-96F29606350A}
	EndGlobalSection
	GlobalSection(ExtensibilityGlobals) = postSolution
		SolutionGuid = {A3305909-76C1-4298-B275-0C2A8F896D26}
	EndGlobalSection
EndGlobal
