
Microsoft Visual Studio Solution File, Format Version 12.00
# Visual Studio Version 17
VisualStudioVersion = 17.13.35806.99
MinimumVisualStudioVersion = 10.0.40219.1
Project("{2150E333-8FDC-42A3-9474-1A3956D46DE8}") = "src", "src", "{02EA681E-C7D8-13C7-8484-4AC65E1B71E8}"
EndProject
Project("{2150E333-8FDC-42A3-9474-1A3956D46DE8}") = "BackEnd", "BackEnd", "{91890010-50D0-450C-B44A-8199E65B5A86}"
	ProjectSection(SolutionItems) = preProject
		Export-SolutionTree.ps1 = Export-SolutionTree.ps1
		PropmtForGPT.txt = PropmtForGPT.txt
	EndProjectSection
EndProject
Project("{2150E333-8FDC-42A3-9474-1A3956D46DE8}") = "Core", "Core", "{D385AB44-BCEE-4B05-92E6-7A023C73D8C9}"
EndProject
Project("{2150E333-8FDC-42A3-9474-1A3956D46DE8}") = "Modules", "Modules", "{16B897DC-B605-42EF-9154-779F6C5698B1}"
EndProject
Project("{2150E333-8FDC-42A3-9474-1A3956D46DE8}") = "Authentication", "Authentication", "{349D7FE1-A861-4F55-9C4E-12C053BF0850}"
EndProject
Project("{2150E333-8FDC-42A3-9474-1A3956D46DE8}") = "UserManagement", "UserManagement", "{AEBDD1DC-A7C4-4486-8276-521DFFC2EFA2}"
EndProject
Project("{2150E333-8FDC-42A3-9474-1A3956D46DE8}") = "Notification", "Notification", "{97140AB8-A8DA-4D5C-A3B9-80812C177428}"
EndProject
Project("{2150E333-8FDC-42A3-9474-1A3956D46DE8}") = "CMS", "CMS", "{A91D4A9D-0500-4186-829F-0012CDA57FC3}"
EndProject
Project("{2150E333-8FDC-42A3-9474-1A3956D46DE8}") = "Portfolio", "Portfolio", "{08F4058C-6E73-42A4-A12D-CDA7D3B877AE}"
EndProject
Project("{2150E333-8FDC-42A3-9474-1A3956D46DE8}") = "Contact", "Contact", "{5E6BA1B3-439B-4232-B12F-B9CD13EEA8FD}"
EndProject
Project("{2150E333-8FDC-42A3-9474-1A3956D46DE8}") = "Apps", "Apps", "{ED1D8846-6846-47A5-8859-42BF039A8F38}"
EndProject
Project("{2150E333-8FDC-42A3-9474-1A3956D46DE8}") = "tests", "tests", "{EB3E8913-B34D-4491-A784-A1A26DDBCD1E}"
EndProject
Project("{2150E333-8FDC-42A3-9474-1A3956D46DE8}") = "build", "build", "{3F588228-BD51-4E7E-BA28-856C534D05EB}"
EndProject
Project("{FAE04EC0-301F-11D3-BF4B-00C04F79EFBC}") = "Core.Domain", "Core.Domain\Core.Domain.csproj", "{94421BCF-04CA-46DA-9F57-FAE1369F1823}"
EndProject
Project("{FAE04EC0-301F-11D3-BF4B-00C04F79EFBC}") = "Core.Application", "Core.Application\Core.Application.csproj", "{2B38A7A0-4D4A-4C7E-915F-4DA49A9D5A50}"
EndProject
Project("{FAE04EC0-301F-11D3-BF4B-00C04F79EFBC}") = "Core.Infrastructure", "Core.Infrastructure\Core.Infrastructure.csproj", "{1D1283F6-EE71-4533-8F4E-CB5394311E10}"
EndProject
Project("{FAE04EC0-301F-11D3-BF4B-00C04F79EFBC}") = "Core.Shared", "Core.Shared\Core.Shared.csproj", "{47CE8BC3-EFCB-4BFA-BE10-0DCBC2D09F02}"
EndProject
Project("{FAE04EC0-301F-11D3-BF4B-00C04F79EFBC}") = "User.Domain", "User.Domain\User.Domain.csproj", "{A1581A5C-A76A-40C9-84E4-66EA7C023D77}"
EndProject
Project("{FAE04EC0-301F-11D3-BF4B-00C04F79EFBC}") = "User.Application", "User.Application\User.Application.csproj", "{08E9B853-73B8-40F1-AE66-FF9F5C08E8DF}"
EndProject
Project("{FAE04EC0-301F-11D3-BF4B-00C04F79EFBC}") = "User.Infrastructure", "User.Infrastructure\User.Infrastructure.csproj", "{2410E921-374D-4C59-B030-21D023FA81DB}"
EndProject
Project("{FAE04EC0-301F-11D3-BF4B-00C04F79EFBC}") = "User.Presentation", "User.Presentation\User.Presentation.csproj", "{BEFEC6BA-AB18-44B1-8DE8-68970CB81395}"
EndProject
Project("{FAE04EC0-301F-11D3-BF4B-00C04F79EFBC}") = "Notification.Domain", "Notification.Domain\Notification.Domain.csproj", "{01F33FD4-0F2C-490E-B073-0F890C428F2B}"
EndProject
Project("{FAE04EC0-301F-11D3-BF4B-00C04F79EFBC}") = "Notification.Application", "Notification.Application\Notification.Application.csproj", "{EF21300C-AA18-4300-98B6-87CE9E3A9ADA}"
EndProject
Project("{FAE04EC0-301F-11D3-BF4B-00C04F79EFBC}") = "Notification.Infrastructure", "Notification.Infrastructure\Notification.Infrastructure.csproj", "{EAB2EF9B-6280-47F0-B1DF-B6C5185BBF4B}"
EndProject
Project("{FAE04EC0-301F-11D3-BF4B-00C04F79EFBC}") = "Notification.Presentation", "Notification.Presentation\Notification.Presentation.csproj", "{FC21B188-FA34-4FB4-B6FF-6A7268626DA1}"
EndProject
Project("{FAE04EC0-301F-11D3-BF4B-00C04F79EFBC}") = "CMS.Domain", "CMS.Domain\CMS.Domain.csproj", "{D51A35FF-867E-488F-874E-CE54F547919A}"
EndProject
Project("{FAE04EC0-301F-11D3-BF4B-00C04F79EFBC}") = "CMS.Application", "CMS.Application\CMS.Application.csproj", "{2B53146E-FE75-4FBA-8AB9-8CB1F6C7BAED}"
EndProject
Project("{FAE04EC0-301F-11D3-BF4B-00C04F79EFBC}") = "CMS.Infrastructure", "CMS.Infrastructure\CMS.Infrastructure.csproj", "{E96F70A5-BFC0-42E9-B3E5-354E4C29520E}"
EndProject
Project("{FAE04EC0-301F-11D3-BF4B-00C04F79EFBC}") = "CMS.Presentation", "CMS.Presentation\CMS.Presentation.csproj", "{25232BC2-61CD-4630-BE7F-C38E66CFC9A8}"
EndProject
Project("{FAE04EC0-301F-11D3-BF4B-00C04F79EFBC}") = "Portfolio.Domain", "Portfolio.Domain\Portfolio.Domain.csproj", "{7D5E156A-06EB-4D32-956A-1ADA06B724CC}"
EndProject
Project("{FAE04EC0-301F-11D3-BF4B-00C04F79EFBC}") = "Portfolio.Application", "Portfolio.Application\Portfolio.Application.csproj", "{7A353ABA-3392-4F22-9B77-77FDEC6BAA35}"
EndProject
Project("{FAE04EC0-301F-11D3-BF4B-00C04F79EFBC}") = "Portfolio.Infrastructure", "Portfolio.Infrastructure\Portfolio.Infrastructure.csproj", "{66EBDFFD-31DE-4A08-9EF8-9B256D19D187}"
EndProject
Project("{FAE04EC0-301F-11D3-BF4B-00C04F79EFBC}") = "Portfolio.Presentation", "Portfolio.Presentation\Portfolio.Presentation.csproj", "{C8E61BEA-5244-4BE9-A8F2-3BD31312525E}"
EndProject
Project("{FAE04EC0-301F-11D3-BF4B-00C04F79EFBC}") = "Contact.Domain", "Contact.Domain\Contact.Domain.csproj", "{AB559C61-66D5-4716-A3AC-8662F5E7351B}"
EndProject
Project("{FAE04EC0-301F-11D3-BF4B-00C04F79EFBC}") = "Contact.Application", "Contact.Application\Contact.Application.csproj", "{B531761C-F5FC-41EF-A26E-86A32B8C1F32}"
EndProject
Project("{FAE04EC0-301F-11D3-BF4B-00C04F79EFBC}") = "Contact.Infrastructure", "Contact.Infrastructure\Contact.Infrastructure.csproj", "{70552350-10A4-43AD-A22D-32A5B8BCD18C}"
EndProject
Project("{FAE04EC0-301F-11D3-BF4B-00C04F79EFBC}") = "Contact.Presentation", "Contact.Presentation\Contact.Presentation.csproj", "{6BB69A4A-04DD-409D-9F4B-A3A2AEF4BFCB}"
EndProject
Project("{FAE04EC0-301F-11D3-BF4B-00C04F79EFBC}") = "MaharRayanesh.WebApi", "MaharRayanesh.WebApi\MaharRayanesh.WebApi.csproj", "{37AFF3C6-81E8-433D-9BA5-7C2CA74B786A}"
EndProject
Project("{FAE04EC0-301F-11D3-BF4B-00C04F79EFBC}") = "AkSteel Welfare Platform", "AkSteel Welfare Platform\AkSteel Welfare Platform.csproj", "{EC53FAA6-D042-41FF-948E-EFBD9920DEA0}"
EndProject
Project("{2150E333-8FDC-42A3-9474-1A3956D46DE8}") = "People", "People", "{FF30299A-D531-4C79-9601-4A6586166776}"
EndProject
Project("{FAE04EC0-301F-11D3-BF4B-00C04F79EFBC}") = "People.Application", "People.Application\People.Application.csproj", "{DC3CBE7B-50A3-44DD-8BF6-76CB52F4E786}"
EndProject
Project("{FAE04EC0-301F-11D3-BF4B-00C04F79EFBC}") = "People.Domain", "People.Domain\People.Domain.csproj", "{3597C747-B26D-4905-B5B7-1EA2547689C6}"
EndProject
Project("{FAE04EC0-301F-11D3-BF4B-00C04F79EFBC}") = "People.Infrastructure", "People.Infrastructure\People.Infrastructure.csproj", "{47FCBE98-F94D-472C-9286-5E3C322E1D2A}"
EndProject
Project("{FAE04EC0-301F-11D3-BF4B-00C04F79EFBC}") = "People.Presentation", "People.Presentation\People.Presentation.csproj", "{F1CA999A-53DB-46B1-A726-A3FAE692C520}"
EndProject
Project("{FAE04EC0-301F-11D3-BF4B-00C04F79EFBC}") = "Authentication.Application", "Authentication.Application\Authentication.Application.csproj", "{35A8AA6F-E399-4F47-B248-BC1E5D5F0C1A}"
EndProject
Project("{FAE04EC0-301F-11D3-BF4B-00C04F79EFBC}") = "Authentication.Domain", "Authentication.Domain\Authentication.Domain.csproj", "{B5A27852-F0AA-4645-87B5-F3ED97DD560A}"
EndProject
Project("{FAE04EC0-301F-11D3-BF4B-00C04F79EFBC}") = "Authentication.Presentation", "Authentication.Presentation\Authentication.Presentation.csproj", "{5738B0A3-387C-4196-A754-5F778C5A7F51}"
EndProject
Project("{FAE04EC0-301F-11D3-BF4B-00C04F79EFBC}") = "Authentication.Infrastructure", "Authentication.Infrastructure\Authentication.Infrastructure.csproj", "{C4E3D2EF-EE67-4AC1-B6EA-867A584D4DED}"
EndProject
Project("{2150E333-8FDC-42A3-9474-1A3956D46DE8}") = "Authorization", "Authorization", "{FBF889CC-E6D4-41EC-9D4D-992DDBA2AF71}"
EndProject
Project("{FAE04EC0-301F-11D3-BF4B-00C04F79EFBC}") = "Authorization.Application", "Authorization.Application\Authorization.Application.csproj", "{2E8B641C-BA04-4440-96B0-098483C037D9}"
EndProject
Project("{FAE04EC0-301F-11D3-BF4B-00C04F79EFBC}") = "Authorization.Domain", "Authorization.Domain\Authorization.Domain.csproj", "{AAF917D9-E862-45FE-ACB3-73E8AEA36BBB}"
EndProject
Project("{FAE04EC0-301F-11D3-BF4B-00C04F79EFBC}") = "Authorization.Presentation", "Authorization.Presentation\Authorization.Presentation.csproj", "{92424171-2F05-48FD-9F3B-B7DAEDCFFE2A}"
EndProject
Project("{FAE04EC0-301F-11D3-BF4B-00C04F79EFBC}") = "Authorization.Infrastructure", "Authorization.Infrastructure\Authorization.Infrastructure.csproj", "{88112D3B-58C7-45AA-88AC-2BF20C51D962}"
EndProject
Global
	GlobalSection(SolutionConfigurationPlatforms) = preSolution
		Debug|Any CPU = Debug|Any CPU
		Release|Any CPU = Release|Any CPU
	EndGlobalSection
	GlobalSection(ProjectConfigurationPlatforms) = postSolution
		{94421BCF-04CA-46DA-9F57-FAE1369F1823}.Debug|Any CPU.ActiveCfg = Debug|Any CPU
		{94421BCF-04CA-46DA-9F57-FAE1369F1823}.Debug|Any CPU.Build.0 = Debug|Any CPU
		{94421BCF-04CA-46DA-9F57-FAE1369F1823}.Release|Any CPU.ActiveCfg = Release|Any CPU
		{94421BCF-04CA-46DA-9F57-FAE1369F1823}.Release|Any CPU.Build.0 = Release|Any CPU
		{2B38A7A0-4D4A-4C7E-915F-4DA49A9D5A50}.Debug|Any CPU.ActiveCfg = Debug|Any CPU
		{2B38A7A0-4D4A-4C7E-915F-4DA49A9D5A50}.Debug|Any CPU.Build.0 = Debug|Any CPU
		{2B38A7A0-4D4A-4C7E-915F-4DA49A9D5A50}.Release|Any CPU.ActiveCfg = Release|Any CPU
		{2B38A7A0-4D4A-4C7E-915F-4DA49A9D5A50}.Release|Any CPU.Build.0 = Release|Any CPU
		{1D1283F6-EE71-4533-8F4E-CB5394311E10}.Debug|Any CPU.ActiveCfg = Debug|Any CPU
		{1D1283F6-EE71-4533-8F4E-CB5394311E10}.Debug|Any CPU.Build.0 = Debug|Any CPU
		{1D1283F6-EE71-4533-8F4E-CB5394311E10}.Release|Any CPU.ActiveCfg = Release|Any CPU
		{1D1283F6-EE71-4533-8F4E-CB5394311E10}.Release|Any CPU.Build.0 = Release|Any CPU
		{47CE8BC3-EFCB-4BFA-BE10-0DCBC2D09F02}.Debug|Any CPU.ActiveCfg = Debug|Any CPU
		{47CE8BC3-EFCB-4BFA-BE10-0DCBC2D09F02}.Debug|Any CPU.Build.0 = Debug|Any CPU
		{47CE8BC3-EFCB-4BFA-BE10-0DCBC2D09F02}.Release|Any CPU.ActiveCfg = Release|Any CPU
		{47CE8BC3-EFCB-4BFA-BE10-0DCBC2D09F02}.Release|Any CPU.Build.0 = Release|Any CPU
		{A1581A5C-A76A-40C9-84E4-66EA7C023D77}.Debug|Any CPU.ActiveCfg = Debug|Any CPU
		{A1581A5C-A76A-40C9-84E4-66EA7C023D77}.Debug|Any CPU.Build.0 = Debug|Any CPU
		{A1581A5C-A76A-40C9-84E4-66EA7C023D77}.Release|Any CPU.ActiveCfg = Release|Any CPU
		{A1581A5C-A76A-40C9-84E4-66EA7C023D77}.Release|Any CPU.Build.0 = Release|Any CPU
		{08E9B853-73B8-40F1-AE66-FF9F5C08E8DF}.Debug|Any CPU.ActiveCfg = Debug|Any CPU
		{08E9B853-73B8-40F1-AE66-FF9F5C08E8DF}.Debug|Any CPU.Build.0 = Debug|Any CPU
		{08E9B853-73B8-40F1-AE66-FF9F5C08E8DF}.Release|Any CPU.ActiveCfg = Release|Any CPU
		{08E9B853-73B8-40F1-AE66-FF9F5C08E8DF}.Release|Any CPU.Build.0 = Release|Any CPU
		{2410E921-374D-4C59-B030-21D023FA81DB}.Debug|Any CPU.ActiveCfg = Debug|Any CPU
		{2410E921-374D-4C59-B030-21D023FA81DB}.Debug|Any CPU.Build.0 = Debug|Any CPU
		{2410E921-374D-4C59-B030-21D023FA81DB}.Release|Any CPU.ActiveCfg = Release|Any CPU
		{2410E921-374D-4C59-B030-21D023FA81DB}.Release|Any CPU.Build.0 = Release|Any CPU
		{BEFEC6BA-AB18-44B1-8DE8-68970CB81395}.Debug|Any CPU.ActiveCfg = Debug|Any CPU
		{BEFEC6BA-AB18-44B1-8DE8-68970CB81395}.Debug|Any CPU.Build.0 = Debug|Any CPU
		{BEFEC6BA-AB18-44B1-8DE8-68970CB81395}.Release|Any CPU.ActiveCfg = Release|Any CPU
		{BEFEC6BA-AB18-44B1-8DE8-68970CB81395}.Release|Any CPU.Build.0 = Release|Any CPU
		{01F33FD4-0F2C-490E-B073-0F890C428F2B}.Debug|Any CPU.ActiveCfg = Debug|Any CPU
		{01F33FD4-0F2C-490E-B073-0F890C428F2B}.Debug|Any CPU.Build.0 = Debug|Any CPU
		{01F33FD4-0F2C-490E-B073-0F890C428F2B}.Release|Any CPU.ActiveCfg = Release|Any CPU
		{01F33FD4-0F2C-490E-B073-0F890C428F2B}.Release|Any CPU.Build.0 = Release|Any CPU
		{EF21300C-AA18-4300-98B6-87CE9E3A9ADA}.Debug|Any CPU.ActiveCfg = Debug|Any CPU
		{EF21300C-AA18-4300-98B6-87CE9E3A9ADA}.Debug|Any CPU.Build.0 = Debug|Any CPU
		{EF21300C-AA18-4300-98B6-87CE9E3A9ADA}.Release|Any CPU.ActiveCfg = Release|Any CPU
		{EF21300C-AA18-4300-98B6-87CE9E3A9ADA}.Release|Any CPU.Build.0 = Release|Any CPU
		{EAB2EF9B-6280-47F0-B1DF-B6C5185BBF4B}.Debug|Any CPU.ActiveCfg = Debug|Any CPU
		{EAB2EF9B-6280-47F0-B1DF-B6C5185BBF4B}.Debug|Any CPU.Build.0 = Debug|Any CPU
		{EAB2EF9B-6280-47F0-B1DF-B6C5185BBF4B}.Release|Any CPU.ActiveCfg = Release|Any CPU
		{EAB2EF9B-6280-47F0-B1DF-B6C5185BBF4B}.Release|Any CPU.Build.0 = Release|Any CPU
		{FC21B188-FA34-4FB4-B6FF-6A7268626DA1}.Debug|Any CPU.ActiveCfg = Debug|Any CPU
		{FC21B188-FA34-4FB4-B6FF-6A7268626DA1}.Debug|Any CPU.Build.0 = Debug|Any CPU
		{FC21B188-FA34-4FB4-B6FF-6A7268626DA1}.Release|Any CPU.ActiveCfg = Release|Any CPU
		{FC21B188-FA34-4FB4-B6FF-6A7268626DA1}.Release|Any CPU.Build.0 = Release|Any CPU
		{D51A35FF-867E-488F-874E-CE54F547919A}.Debug|Any CPU.ActiveCfg = Debug|Any CPU
		{D51A35FF-867E-488F-874E-CE54F547919A}.Debug|Any CPU.Build.0 = Debug|Any CPU
		{D51A35FF-867E-488F-874E-CE54F547919A}.Release|Any CPU.ActiveCfg = Release|Any CPU
		{D51A35FF-867E-488F-874E-CE54F547919A}.Release|Any CPU.Build.0 = Release|Any CPU
		{2B53146E-FE75-4FBA-8AB9-8CB1F6C7BAED}.Debug|Any CPU.ActiveCfg = Debug|Any CPU
		{2B53146E-FE75-4FBA-8AB9-8CB1F6C7BAED}.Debug|Any CPU.Build.0 = Debug|Any CPU
		{2B53146E-FE75-4FBA-8AB9-8CB1F6C7BAED}.Release|Any CPU.ActiveCfg = Release|Any CPU
		{2B53146E-FE75-4FBA-8AB9-8CB1F6C7BAED}.Release|Any CPU.Build.0 = Release|Any CPU
		{E96F70A5-BFC0-42E9-B3E5-354E4C29520E}.Debug|Any CPU.ActiveCfg = Debug|Any CPU
		{E96F70A5-BFC0-42E9-B3E5-354E4C29520E}.Debug|Any CPU.Build.0 = Debug|Any CPU
		{E96F70A5-BFC0-42E9-B3E5-354E4C29520E}.Release|Any CPU.ActiveCfg = Release|Any CPU
		{E96F70A5-BFC0-42E9-B3E5-354E4C29520E}.Release|Any CPU.Build.0 = Release|Any CPU
		{25232BC2-61CD-4630-BE7F-C38E66CFC9A8}.Debug|Any CPU.ActiveCfg = Debug|Any CPU
		{25232BC2-61CD-4630-BE7F-C38E66CFC9A8}.Debug|Any CPU.Build.0 = Debug|Any CPU
		{25232BC2-61CD-4630-BE7F-C38E66CFC9A8}.Release|Any CPU.ActiveCfg = Release|Any CPU
		{25232BC2-61CD-4630-BE7F-C38E66CFC9A8}.Release|Any CPU.Build.0 = Release|Any CPU
		{7D5E156A-06EB-4D32-956A-1ADA06B724CC}.Debug|Any CPU.ActiveCfg = Debug|Any CPU
		{7D5E156A-06EB-4D32-956A-1ADA06B724CC}.Debug|Any CPU.Build.0 = Debug|Any CPU
		{7D5E156A-06EB-4D32-956A-1ADA06B724CC}.Release|Any CPU.ActiveCfg = Release|Any CPU
		{7D5E156A-06EB-4D32-956A-1ADA06B724CC}.Release|Any CPU.Build.0 = Release|Any CPU
		{7A353ABA-3392-4F22-9B77-77FDEC6BAA35}.Debug|Any CPU.ActiveCfg = Debug|Any CPU
		{7A353ABA-3392-4F22-9B77-77FDEC6BAA35}.Debug|Any CPU.Build.0 = Debug|Any CPU
		{7A353ABA-3392-4F22-9B77-77FDEC6BAA35}.Release|Any CPU.ActiveCfg = Release|Any CPU
		{7A353ABA-3392-4F22-9B77-77FDEC6BAA35}.Release|Any CPU.Build.0 = Release|Any CPU
		{66EBDFFD-31DE-4A08-9EF8-9B256D19D187}.Debug|Any CPU.ActiveCfg = Debug|Any CPU
		{66EBDFFD-31DE-4A08-9EF8-9B256D19D187}.Debug|Any CPU.Build.0 = Debug|Any CPU
		{66EBDFFD-31DE-4A08-9EF8-9B256D19D187}.Release|Any CPU.ActiveCfg = Release|Any CPU
		{66EBDFFD-31DE-4A08-9EF8-9B256D19D187}.Release|Any CPU.Build.0 = Release|Any CPU
		{C8E61BEA-5244-4BE9-A8F2-3BD31312525E}.Debug|Any CPU.ActiveCfg = Debug|Any CPU
		{C8E61BEA-5244-4BE9-A8F2-3BD31312525E}.Debug|Any CPU.Build.0 = Debug|Any CPU
		{C8E61BEA-5244-4BE9-A8F2-3BD31312525E}.Release|Any CPU.ActiveCfg = Release|Any CPU
		{C8E61BEA-5244-4BE9-A8F2-3BD31312525E}.Release|Any CPU.Build.0 = Release|Any CPU
		{AB559C61-66D5-4716-A3AC-8662F5E7351B}.Debug|Any CPU.ActiveCfg = Debug|Any CPU
		{AB559C61-66D5-4716-A3AC-8662F5E7351B}.Debug|Any CPU.Build.0 = Debug|Any CPU
		{AB559C61-66D5-4716-A3AC-8662F5E7351B}.Release|Any CPU.ActiveCfg = Release|Any CPU
		{AB559C61-66D5-4716-A3AC-8662F5E7351B}.Release|Any CPU.Build.0 = Release|Any CPU
		{B531761C-F5FC-41EF-A26E-86A32B8C1F32}.Debug|Any CPU.ActiveCfg = Debug|Any CPU
		{B531761C-F5FC-41EF-A26E-86A32B8C1F32}.Debug|Any CPU.Build.0 = Debug|Any CPU
		{B531761C-F5FC-41EF-A26E-86A32B8C1F32}.Release|Any CPU.ActiveCfg = Release|Any CPU
		{B531761C-F5FC-41EF-A26E-86A32B8C1F32}.Release|Any CPU.Build.0 = Release|Any CPU
		{70552350-10A4-43AD-A22D-32A5B8BCD18C}.Debug|Any CPU.ActiveCfg = Debug|Any CPU
		{70552350-10A4-43AD-A22D-32A5B8BCD18C}.Debug|Any CPU.Build.0 = Debug|Any CPU
		{70552350-10A4-43AD-A22D-32A5B8BCD18C}.Release|Any CPU.ActiveCfg = Release|Any CPU
		{70552350-10A4-43AD-A22D-32A5B8BCD18C}.Release|Any CPU.Build.0 = Release|Any CPU
		{6BB69A4A-04DD-409D-9F4B-A3A2AEF4BFCB}.Debug|Any CPU.ActiveCfg = Debug|Any CPU
		{6BB69A4A-04DD-409D-9F4B-A3A2AEF4BFCB}.Debug|Any CPU.Build.0 = Debug|Any CPU
		{6BB69A4A-04DD-409D-9F4B-A3A2AEF4BFCB}.Release|Any CPU.ActiveCfg = Release|Any CPU
		{6BB69A4A-04DD-409D-9F4B-A3A2AEF4BFCB}.Release|Any CPU.Build.0 = Release|Any CPU
		{37AFF3C6-81E8-433D-9BA5-7C2CA74B786A}.Debug|Any CPU.ActiveCfg = Debug|Any CPU
		{37AFF3C6-81E8-433D-9BA5-7C2CA74B786A}.Debug|Any CPU.Build.0 = Debug|Any CPU
		{37AFF3C6-81E8-433D-9BA5-7C2CA74B786A}.Release|Any CPU.ActiveCfg = Release|Any CPU
		{37AFF3C6-81E8-433D-9BA5-7C2CA74B786A}.Release|Any CPU.Build.0 = Release|Any CPU
		{EC53FAA6-D042-41FF-948E-EFBD9920DEA0}.Debug|Any CPU.ActiveCfg = Debug|Any CPU
		{EC53FAA6-D042-41FF-948E-EFBD9920DEA0}.Debug|Any CPU.Build.0 = Debug|Any CPU
		{EC53FAA6-D042-41FF-948E-EFBD9920DEA0}.Release|Any CPU.ActiveCfg = Release|Any CPU
		{EC53FAA6-D042-41FF-948E-EFBD9920DEA0}.Release|Any CPU.Build.0 = Release|Any CPU
		{DC3CBE7B-50A3-44DD-8BF6-76CB52F4E786}.Debug|Any CPU.ActiveCfg = Debug|Any CPU
		{DC3CBE7B-50A3-44DD-8BF6-76CB52F4E786}.Debug|Any CPU.Build.0 = Debug|Any CPU
		{DC3CBE7B-50A3-44DD-8BF6-76CB52F4E786}.Release|Any CPU.ActiveCfg = Release|Any CPU
		{DC3CBE7B-50A3-44DD-8BF6-76CB52F4E786}.Release|Any CPU.Build.0 = Release|Any CPU
		{3597C747-B26D-4905-B5B7-1EA2547689C6}.Debug|Any CPU.ActiveCfg = Debug|Any CPU
		{3597C747-B26D-4905-B5B7-1EA2547689C6}.Debug|Any CPU.Build.0 = Debug|Any CPU
		{3597C747-B26D-4905-B5B7-1EA2547689C6}.Release|Any CPU.ActiveCfg = Release|Any CPU
		{3597C747-B26D-4905-B5B7-1EA2547689C6}.Release|Any CPU.Build.0 = Release|Any CPU
		{47FCBE98-F94D-472C-9286-5E3C322E1D2A}.Debug|Any CPU.ActiveCfg = Debug|Any CPU
		{47FCBE98-F94D-472C-9286-5E3C322E1D2A}.Debug|Any CPU.Build.0 = Debug|Any CPU
		{47FCBE98-F94D-472C-9286-5E3C322E1D2A}.Release|Any CPU.ActiveCfg = Release|Any CPU
		{47FCBE98-F94D-472C-9286-5E3C322E1D2A}.Release|Any CPU.Build.0 = Release|Any CPU
		{F1CA999A-53DB-46B1-A726-A3FAE692C520}.Debug|Any CPU.ActiveCfg = Debug|Any CPU
		{F1CA999A-53DB-46B1-A726-A3FAE692C520}.Debug|Any CPU.Build.0 = Debug|Any CPU
		{F1CA999A-53DB-46B1-A726-A3FAE692C520}.Release|Any CPU.ActiveCfg = Release|Any CPU
		{F1CA999A-53DB-46B1-A726-A3FAE692C520}.Release|Any CPU.Build.0 = Release|Any CPU
		{35A8AA6F-E399-4F47-B248-BC1E5D5F0C1A}.Debug|Any CPU.ActiveCfg = Debug|Any CPU
		{35A8AA6F-E399-4F47-B248-BC1E5D5F0C1A}.Debug|Any CPU.Build.0 = Debug|Any CPU
		{35A8AA6F-E399-4F47-B248-BC1E5D5F0C1A}.Release|Any CPU.ActiveCfg = Release|Any CPU
		{35A8AA6F-E399-4F47-B248-BC1E5D5F0C1A}.Release|Any CPU.Build.0 = Release|Any CPU
		{B5A27852-F0AA-4645-87B5-F3ED97DD560A}.Debug|Any CPU.ActiveCfg = Debug|Any CPU
		{B5A27852-F0AA-4645-87B5-F3ED97DD560A}.Debug|Any CPU.Build.0 = Debug|Any CPU
		{B5A27852-F0AA-4645-87B5-F3ED97DD560A}.Release|Any CPU.ActiveCfg = Release|Any CPU
		{B5A27852-F0AA-4645-87B5-F3ED97DD560A}.Release|Any CPU.Build.0 = Release|Any CPU
		{5738B0A3-387C-4196-A754-5F778C5A7F51}.Debug|Any CPU.ActiveCfg = Debug|Any CPU
		{5738B0A3-387C-4196-A754-5F778C5A7F51}.Debug|Any CPU.Build.0 = Debug|Any CPU
		{5738B0A3-387C-4196-A754-5F778C5A7F51}.Release|Any CPU.ActiveCfg = Release|Any CPU
		{5738B0A3-387C-4196-A754-5F778C5A7F51}.Release|Any CPU.Build.0 = Release|Any CPU
		{C4E3D2EF-EE67-4AC1-B6EA-867A584D4DED}.Debug|Any CPU.ActiveCfg = Debug|Any CPU
		{C4E3D2EF-EE67-4AC1-B6EA-867A584D4DED}.Debug|Any CPU.Build.0 = Debug|Any CPU
		{C4E3D2EF-EE67-4AC1-B6EA-867A584D4DED}.Release|Any CPU.ActiveCfg = Release|Any CPU
		{C4E3D2EF-EE67-4AC1-B6EA-867A584D4DED}.Release|Any CPU.Build.0 = Release|Any CPU
		{2E8B641C-BA04-4440-96B0-098483C037D9}.Debug|Any CPU.ActiveCfg = Debug|Any CPU
		{2E8B641C-BA04-4440-96B0-098483C037D9}.Debug|Any CPU.Build.0 = Debug|Any CPU
		{2E8B641C-BA04-4440-96B0-098483C037D9}.Release|Any CPU.ActiveCfg = Release|Any CPU
		{2E8B641C-BA04-4440-96B0-098483C037D9}.Release|Any CPU.Build.0 = Release|Any CPU
		{AAF917D9-E862-45FE-ACB3-73E8AEA36BBB}.Debug|Any CPU.ActiveCfg = Debug|Any CPU
		{AAF917D9-E862-45FE-ACB3-73E8AEA36BBB}.Debug|Any CPU.Build.0 = Debug|Any CPU
		{AAF917D9-E862-45FE-ACB3-73E8AEA36BBB}.Release|Any CPU.ActiveCfg = Release|Any CPU
		{AAF917D9-E862-45FE-ACB3-73E8AEA36BBB}.Release|Any CPU.Build.0 = Release|Any CPU
		{92424171-2F05-48FD-9F3B-B7DAEDCFFE2A}.Debug|Any CPU.ActiveCfg = Debug|Any CPU
		{92424171-2F05-48FD-9F3B-B7DAEDCFFE2A}.Debug|Any CPU.Build.0 = Debug|Any CPU
		{92424171-2F05-48FD-9F3B-B7DAEDCFFE2A}.Release|Any CPU.ActiveCfg = Release|Any CPU
		{92424171-2F05-48FD-9F3B-B7DAEDCFFE2A}.Release|Any CPU.Build.0 = Release|Any CPU
		{88112D3B-58C7-45AA-88AC-2BF20C51D962}.Debug|Any CPU.ActiveCfg = Debug|Any CPU
		{88112D3B-58C7-45AA-88AC-2BF20C51D962}.Debug|Any CPU.Build.0 = Debug|Any CPU
		{88112D3B-58C7-45AA-88AC-2BF20C51D962}.Release|Any CPU.ActiveCfg = Release|Any CPU
		{88112D3B-58C7-45AA-88AC-2BF20C51D962}.Release|Any CPU.Build.0 = Release|Any CPU
	EndGlobalSection
	GlobalSection(SolutionProperties) = preSolution
		HideSolutionNode = FALSE
	EndGlobalSection
	GlobalSection(NestedProjects) = preSolution
		{02EA681E-C7D8-13C7-8484-4AC65E1B71E8} = {91890010-50D0-450C-B44A-8199E65B5A86}
		{D385AB44-BCEE-4B05-92E6-7A023C73D8C9} = {02EA681E-C7D8-13C7-8484-4AC65E1B71E8}
		{16B897DC-B605-42EF-9154-779F6C5698B1} = {02EA681E-C7D8-13C7-8484-4AC65E1B71E8}
		{349D7FE1-A861-4F55-9C4E-12C053BF0850} = {16B897DC-B605-42EF-9154-779F6C5698B1}
		{AEBDD1DC-A7C4-4486-8276-521DFFC2EFA2} = {16B897DC-B605-42EF-9154-779F6C5698B1}
		{97140AB8-A8DA-4D5C-A3B9-80812C177428} = {16B897DC-B605-42EF-9154-779F6C5698B1}
		{A91D4A9D-0500-4186-829F-0012CDA57FC3} = {16B897DC-B605-42EF-9154-779F6C5698B1}
		{08F4058C-6E73-42A4-A12D-CDA7D3B877AE} = {16B897DC-B605-42EF-9154-779F6C5698B1}
		{5E6BA1B3-439B-4232-B12F-B9CD13EEA8FD} = {16B897DC-B605-42EF-9154-779F6C5698B1}
		{ED1D8846-6846-47A5-8859-42BF039A8F38} = {02EA681E-C7D8-13C7-8484-4AC65E1B71E8}
		{EB3E8913-B34D-4491-A784-A1A26DDBCD1E} = {91890010-50D0-450C-B44A-8199E65B5A86}
		{3F588228-BD51-4E7E-BA28-856C534D05EB} = {91890010-50D0-450C-B44A-8199E65B5A86}
		{94421BCF-04CA-46DA-9F57-FAE1369F1823} = {D385AB44-BCEE-4B05-92E6-7A023C73D8C9}
		{2B38A7A0-4D4A-4C7E-915F-4DA49A9D5A50} = {D385AB44-BCEE-4B05-92E6-7A023C73D8C9}
		{1D1283F6-EE71-4533-8F4E-CB5394311E10} = {D385AB44-BCEE-4B05-92E6-7A023C73D8C9}
		{47CE8BC3-EFCB-4BFA-BE10-0DCBC2D09F02} = {D385AB44-BCEE-4B05-92E6-7A023C73D8C9}
		{A1581A5C-A76A-40C9-84E4-66EA7C023D77} = {AEBDD1DC-A7C4-4486-8276-521DFFC2EFA2}
		{08E9B853-73B8-40F1-AE66-FF9F5C08E8DF} = {AEBDD1DC-A7C4-4486-8276-521DFFC2EFA2}
		{2410E921-374D-4C59-B030-21D023FA81DB} = {AEBDD1DC-A7C4-4486-8276-521DFFC2EFA2}
		{BEFEC6BA-AB18-44B1-8DE8-68970CB81395} = {AEBDD1DC-A7C4-4486-8276-521DFFC2EFA2}
		{01F33FD4-0F2C-490E-B073-0F890C428F2B} = {97140AB8-A8DA-4D5C-A3B9-80812C177428}
		{EF21300C-AA18-4300-98B6-87CE9E3A9ADA} = {97140AB8-A8DA-4D5C-A3B9-80812C177428}
		{EAB2EF9B-6280-47F0-B1DF-B6C5185BBF4B} = {97140AB8-A8DA-4D5C-A3B9-80812C177428}
		{FC21B188-FA34-4FB4-B6FF-6A7268626DA1} = {97140AB8-A8DA-4D5C-A3B9-80812C177428}
		{D51A35FF-867E-488F-874E-CE54F547919A} = {A91D4A9D-0500-4186-829F-0012CDA57FC3}
		{2B53146E-FE75-4FBA-8AB9-8CB1F6C7BAED} = {A91D4A9D-0500-4186-829F-0012CDA57FC3}
		{E96F70A5-BFC0-42E9-B3E5-354E4C29520E} = {A91D4A9D-0500-4186-829F-0012CDA57FC3}
		{25232BC2-61CD-4630-BE7F-C38E66CFC9A8} = {A91D4A9D-0500-4186-829F-0012CDA57FC3}
		{7D5E156A-06EB-4D32-956A-1ADA06B724CC} = {08F4058C-6E73-42A4-A12D-CDA7D3B877AE}
		{7A353ABA-3392-4F22-9B77-77FDEC6BAA35} = {08F4058C-6E73-42A4-A12D-CDA7D3B877AE}
		{66EBDFFD-31DE-4A08-9EF8-9B256D19D187} = {08F4058C-6E73-42A4-A12D-CDA7D3B877AE}
		{C8E61BEA-5244-4BE9-A8F2-3BD31312525E} = {08F4058C-6E73-42A4-A12D-CDA7D3B877AE}
		{AB559C61-66D5-4716-A3AC-8662F5E7351B} = {5E6BA1B3-439B-4232-B12F-B9CD13EEA8FD}
		{B531761C-F5FC-41EF-A26E-86A32B8C1F32} = {5E6BA1B3-439B-4232-B12F-B9CD13EEA8FD}
		{70552350-10A4-43AD-A22D-32A5B8BCD18C} = {5E6BA1B3-439B-4232-B12F-B9CD13EEA8FD}
		{6BB69A4A-04DD-409D-9F4B-A3A2AEF4BFCB} = {5E6BA1B3-439B-4232-B12F-B9CD13EEA8FD}
		{37AFF3C6-81E8-433D-9BA5-7C2CA74B786A} = {ED1D8846-6846-47A5-8859-42BF039A8F38}
		{EC53FAA6-D042-41FF-948E-EFBD9920DEA0} = {ED1D8846-6846-47A5-8859-42BF039A8F38}
		{FF30299A-D531-4C79-9601-4A6586166776} = {16B897DC-B605-42EF-9154-779F6C5698B1}
		{DC3CBE7B-50A3-44DD-8BF6-76CB52F4E786} = {FF30299A-D531-4C79-9601-4A6586166776}
		{3597C747-B26D-4905-B5B7-1EA2547689C6} = {FF30299A-D531-4C79-9601-4A6586166776}
		{47FCBE98-F94D-472C-9286-5E3C322E1D2A} = {FF30299A-D531-4C79-9601-4A6586166776}
		{F1CA999A-53DB-46B1-A726-A3FAE692C520} = {FF30299A-D531-4C79-9601-4A6586166776}
		{35A8AA6F-E399-4F47-B248-BC1E5D5F0C1A} = {349D7FE1-A861-4F55-9C4E-12C053BF0850}
		{B5A27852-F0AA-4645-87B5-F3ED97DD560A} = {349D7FE1-A861-4F55-9C4E-12C053BF0850}
		{5738B0A3-387C-4196-A754-5F778C5A7F51} = {349D7FE1-A861-4F55-9C4E-12C053BF0850}
		{C4E3D2EF-EE67-4AC1-B6EA-867A584D4DED} = {349D7FE1-A861-4F55-9C4E-12C053BF0850}
		{FBF889CC-E6D4-41EC-9D4D-992DDBA2AF71} = {16B897DC-B605-42EF-9154-779F6C5698B1}
		{2E8B641C-BA04-4440-96B0-098483C037D9} = {FBF889CC-E6D4-41EC-9D4D-992DDBA2AF71}
		{AAF917D9-E862-45FE-ACB3-73E8AEA36BBB} = {FBF889CC-E6D4-41EC-9D4D-992DDBA2AF71}
		{92424171-2F05-48FD-9F3B-B7DAEDCFFE2A} = {FBF889CC-E6D4-41EC-9D4D-992DDBA2AF71}
		{88112D3B-58C7-45AA-88AC-2BF20C51D962} = {FBF889CC-E6D4-41EC-9D4D-992DDBA2AF71}
	EndGlobalSection
	GlobalSection(ExtensibilityGlobals) = postSolution
		SolutionGuid = {A3305909-76C1-4298-B275-0C2A8F896D26}
	EndGlobalSection
EndGlobal
